// !$*UTF8*$!
{
	archiveVersion = 1;
	classes = {
	};
	objectVersion = 50;
	objects = {

/* Begin PBXBuildFile section */
		4D6D1329257A6999009AE5D9 /* Observable+Rx.swift in Sources */ = {isa = PBXBuildFile; fileRef = 4D6D1316257A6999009AE5D9 /* Observable+Rx.swift */; };
		4D6D132A257A6999009AE5D9 /* UIFont+Extension.swift in Sources */ = {isa = PBXBuildFile; fileRef = 4D6D1317257A6999009AE5D9 /* UIFont+Extension.swift */; };
		4D6D132B257A6999009AE5D9 /* UIView+Swizzle.swift in Sources */ = {isa = PBXBuildFile; fileRef = 4D6D1318257A6999009AE5D9 /* UIView+Swizzle.swift */; };
		4D6D132C257A6999009AE5D9 /* UIColor+Extension.swift in Sources */ = {isa = PBXBuildFile; fileRef = 4D6D1319257A6999009AE5D9 /* UIColor+Extension.swift */; };
		4D6D132D257A6999009AE5D9 /* UILabel+Extension.swift in Sources */ = {isa = PBXBuildFile; fileRef = 4D6D131A257A6999009AE5D9 /* UILabel+Extension.swift */; };
		4D6D132E257A6999009AE5D9 /* UIButton+Extension.swift in Sources */ = {isa = PBXBuildFile; fileRef = 4D6D131B257A6999009AE5D9 /* UIButton+Extension.swift */; };
		4D6D132F257A6999009AE5D9 /* NSLayoutConstraint+Extension.swift in Sources */ = {isa = PBXBuildFile; fileRef = 4D6D131C257A6999009AE5D9 /* NSLayoutConstraint+Extension.swift */; };
		4D6D1330257A6999009AE5D9 /* UIViewController+Swizzle.swift in Sources */ = {isa = PBXBuildFile; fileRef = 4D6D131D257A6999009AE5D9 /* UIViewController+Swizzle.swift */; };
		4D6D1331257A6999009AE5D9 /* FileManager+Extension.swift in Sources */ = {isa = PBXBuildFile; fileRef = 4D6D131E257A6999009AE5D9 /* FileManager+Extension.swift */; };
		4D6D1332257A6999009AE5D9 /* UIKit+Extension.swift in Sources */ = {isa = PBXBuildFile; fileRef = 4D6D131F257A6999009AE5D9 /* UIKit+Extension.swift */; };
		4D6D1333257A6999009AE5D9 /* UIScreen+Extension.swift in Sources */ = {isa = PBXBuildFile; fileRef = 4D6D1320257A6999009AE5D9 /* UIScreen+Extension.swift */; };
		4D6D1334257A6999009AE5D9 /* Foundation+Extension.swift in Sources */ = {isa = PBXBuildFile; fileRef = 4D6D1321257A6999009AE5D9 /* Foundation+Extension.swift */; };
		4D6D1335257A6999009AE5D9 /* UIViewController+Debug.swift in Sources */ = {isa = PBXBuildFile; fileRef = 4D6D1322257A6999009AE5D9 /* UIViewController+Debug.swift */; };
		4D6D1336257A6999009AE5D9 /* UIViewController+Rx.swift in Sources */ = {isa = PBXBuildFile; fileRef = 4D6D1323257A6999009AE5D9 /* UIViewController+Rx.swift */; };
		4D6D1337257A6999009AE5D9 /* UITextView+Extension.swift in Sources */ = {isa = PBXBuildFile; fileRef = 4D6D1324257A6999009AE5D9 /* UITextView+Extension.swift */; };
		4D6D1338257A6999009AE5D9 /* UIBarButtonItem+Extension.swift in Sources */ = {isa = PBXBuildFile; fileRef = 4D6D1325257A6999009AE5D9 /* UIBarButtonItem+Extension.swift */; };
		4D6D1339257A6999009AE5D9 /* UITextField+Extension.swift in Sources */ = {isa = PBXBuildFile; fileRef = 4D6D1326257A6999009AE5D9 /* UITextField+Extension.swift */; };
		4D6D133A257A6999009AE5D9 /* UIViewController+EmptyData.swift in Sources */ = {isa = PBXBuildFile; fileRef = 4D6D1327257A6999009AE5D9 /* UIViewController+EmptyData.swift */; };
		4D6D133B257A6999009AE5D9 /* CALayer+Extension.swift in Sources */ = {isa = PBXBuildFile; fileRef = 4D6D1328257A6999009AE5D9 /* CALayer+Extension.swift */; };
		4D6D133F257A69C2009AE5D9 /* OAGlobalKit.framework in Frameworks */ = {isa = PBXBuildFile; fileRef = 4D6D133E257A69C2009AE5D9 /* OAGlobalKit.framework */; };
		4D6D1340257A69C2009AE5D9 /* OAGlobalKit.framework in Embed Frameworks */ = {isa = PBXBuildFile; fileRef = 4D6D133E257A69C2009AE5D9 /* OAGlobalKit.framework */; settings = {ATTRIBUTES = (CodeSignOnCopy, RemoveHeadersOnCopy, ); }; };
		4DC0A66F257A65DB0008BB39 /* OAExtensionsKit.h in Headers */ = {isa = PBXBuildFile; fileRef = 4DC0A66D257A65DB0008BB39 /* OAExtensionsKit.h */; settings = {ATTRIBUTES = (Public, ); }; };
		67A365288CD9CB206E7B363D /* Pods_OAExtensionsKit.framework in Frameworks */ = {isa = PBXBuildFile; fileRef = F4656737501E0750BFBE6960 /* Pods_OAExtensionsKit.framework */; };
		BF8A03FC257BB8570009DF40 /* HUD.swift in Sources */ = {isa = PBXBuildFile; fileRef = BF8A03FB257BB8570009DF40 /* HUD.swift */; };
/* End PBXBuildFile section */

/* Begin PBXCopyFilesBuildPhase section */
		4D6D1341257A69C2009AE5D9 /* Embed Frameworks */ = {
			isa = PBXCopyFilesBuildPhase;
			buildActionMask = 2147483647;
			dstPath = "";
			dstSubfolderSpec = 10;
			files = (
				4D6D1340257A69C2009AE5D9 /* OAGlobalKit.framework in Embed Frameworks */,
			);
			name = "Embed Frameworks";
			runOnlyForDeploymentPostprocessing = 0;
		};
/* End PBXCopyFilesBuildPhase section */

/* Begin PBXFileReference section */
		4D6D1316257A6999009AE5D9 /* Observable+Rx.swift */ = {isa = PBXFileReference; fileEncoding = 4; lastKnownFileType = sourcecode.swift; path = "Observable+Rx.swift"; sourceTree = "<group>"; };
		4D6D1317257A6999009AE5D9 /* UIFont+Extension.swift */ = {isa = PBXFileReference; fileEncoding = 4; lastKnownFileType = sourcecode.swift; path = "UIFont+Extension.swift"; sourceTree = "<group>"; };
		4D6D1318257A6999009AE5D9 /* UIView+Swizzle.swift */ = {isa = PBXFileReference; fileEncoding = 4; lastKnownFileType = sourcecode.swift; path = "UIView+Swizzle.swift"; sourceTree = "<group>"; };
		4D6D1319257A6999009AE5D9 /* UIColor+Extension.swift */ = {isa = PBXFileReference; fileEncoding = 4; lastKnownFileType = sourcecode.swift; path = "UIColor+Extension.swift"; sourceTree = "<group>"; };
		4D6D131A257A6999009AE5D9 /* UILabel+Extension.swift */ = {isa = PBXFileReference; fileEncoding = 4; lastKnownFileType = sourcecode.swift; path = "UILabel+Extension.swift"; sourceTree = "<group>"; };
		4D6D131B257A6999009AE5D9 /* UIButton+Extension.swift */ = {isa = PBXFileReference; fileEncoding = 4; lastKnownFileType = sourcecode.swift; path = "UIButton+Extension.swift"; sourceTree = "<group>"; };
		4D6D131C257A6999009AE5D9 /* NSLayoutConstraint+Extension.swift */ = {isa = PBXFileReference; fileEncoding = 4; lastKnownFileType = sourcecode.swift; path = "NSLayoutConstraint+Extension.swift"; sourceTree = "<group>"; };
		4D6D131D257A6999009AE5D9 /* UIViewController+Swizzle.swift */ = {isa = PBXFileReference; fileEncoding = 4; lastKnownFileType = sourcecode.swift; path = "UIViewController+Swizzle.swift"; sourceTree = "<group>"; };
		4D6D131E257A6999009AE5D9 /* FileManager+Extension.swift */ = {isa = PBXFileReference; fileEncoding = 4; lastKnownFileType = sourcecode.swift; path = "FileManager+Extension.swift"; sourceTree = "<group>"; };
		4D6D131F257A6999009AE5D9 /* UIKit+Extension.swift */ = {isa = PBXFileReference; fileEncoding = 4; lastKnownFileType = sourcecode.swift; path = "UIKit+Extension.swift"; sourceTree = "<group>"; };
		4D6D1320257A6999009AE5D9 /* UIScreen+Extension.swift */ = {isa = PBXFileReference; fileEncoding = 4; lastKnownFileType = sourcecode.swift; path = "UIScreen+Extension.swift"; sourceTree = "<group>"; };
		4D6D1321257A6999009AE5D9 /* Foundation+Extension.swift */ = {isa = PBXFileReference; fileEncoding = 4; lastKnownFileType = sourcecode.swift; path = "Foundation+Extension.swift"; sourceTree = "<group>"; };
		4D6D1322257A6999009AE5D9 /* UIViewController+Debug.swift */ = {isa = PBXFileReference; fileEncoding = 4; lastKnownFileType = sourcecode.swift; path = "UIViewController+Debug.swift"; sourceTree = "<group>"; };
		4D6D1323257A6999009AE5D9 /* UIViewController+Rx.swift */ = {isa = PBXFileReference; fileEncoding = 4; lastKnownFileType = sourcecode.swift; path = "UIViewController+Rx.swift"; sourceTree = "<group>"; };
		4D6D1324257A6999009AE5D9 /* UITextView+Extension.swift */ = {isa = PBXFileReference; fileEncoding = 4; lastKnownFileType = sourcecode.swift; path = "UITextView+Extension.swift"; sourceTree = "<group>"; };
		4D6D1325257A6999009AE5D9 /* UIBarButtonItem+Extension.swift */ = {isa = PBXFileReference; fileEncoding = 4; lastKnownFileType = sourcecode.swift; path = "UIBarButtonItem+Extension.swift"; sourceTree = "<group>"; };
		4D6D1326257A6999009AE5D9 /* UITextField+Extension.swift */ = {isa = PBXFileReference; fileEncoding = 4; lastKnownFileType = sourcecode.swift; path = "UITextField+Extension.swift"; sourceTree = "<group>"; };
		4D6D1327257A6999009AE5D9 /* UIViewController+EmptyData.swift */ = {isa = PBXFileReference; fileEncoding = 4; lastKnownFileType = sourcecode.swift; path = "UIViewController+EmptyData.swift"; sourceTree = "<group>"; };
		4D6D1328257A6999009AE5D9 /* CALayer+Extension.swift */ = {isa = PBXFileReference; fileEncoding = 4; lastKnownFileType = sourcecode.swift; path = "CALayer+Extension.swift"; sourceTree = "<group>"; };
		4D6D133E257A69C2009AE5D9 /* OAGlobalKit.framework */ = {isa = PBXFileReference; explicitFileType = wrapper.framework; path = OAGlobalKit.framework; sourceTree = BUILT_PRODUCTS_DIR; };
		4DC0A66A257A65DB0008BB39 /* OAExtensionsKit.framework */ = {isa = PBXFileReference; explicitFileType = wrapper.framework; includeInIndex = 0; path = OAExtensionsKit.framework; sourceTree = BUILT_PRODUCTS_DIR; };
		4DC0A66D257A65DB0008BB39 /* OAExtensionsKit.h */ = {isa = PBXFileReference; lastKnownFileType = sourcecode.c.h; path = OAExtensionsKit.h; sourceTree = "<group>"; };
		4DC0A66E257A65DB0008BB39 /* Info.plist */ = {isa = PBXFileReference; lastKnownFileType = text.plist.xml; path = Info.plist; sourceTree = "<group>"; };
		BAAD8114A8ED82B20BDA8C30 /* Pods-OAExtensionsKit.release.xcconfig */ = {isa = PBXFileReference; includeInIndex = 1; lastKnownFileType = text.xcconfig; name = "Pods-OAExtensionsKit.release.xcconfig"; path = "Target Support Files/Pods-OAExtensionsKit/Pods-OAExtensionsKit.release.xcconfig"; sourceTree = "<group>"; };
		BF8A03FB257BB8570009DF40 /* HUD.swift */ = {isa = PBXFileReference; lastKnownFileType = sourcecode.swift; path = HUD.swift; sourceTree = "<group>"; };
		E00FF1913BE0C471FD5134A0 /* Pods-OAExtensionsKit.debug.xcconfig */ = {isa = PBXFileReference; includeInIndex = 1; lastKnownFileType = text.xcconfig; name = "Pods-OAExtensionsKit.debug.xcconfig"; path = "Target Support Files/Pods-OAExtensionsKit/Pods-OAExtensionsKit.debug.xcconfig"; sourceTree = "<group>"; };
		F4656737501E0750BFBE6960 /* Pods_OAExtensionsKit.framework */ = {isa = PBXFileReference; explicitFileType = wrapper.framework; includeInIndex = 0; path = Pods_OAExtensionsKit.framework; sourceTree = BUILT_PRODUCTS_DIR; };
/* End PBXFileReference section */

/* Begin PBXFrameworksBuildPhase section */
		4DC0A667257A65DB0008BB39 /* Frameworks */ = {
			isa = PBXFrameworksBuildPhase;
			buildActionMask = 2147483647;
			files = (
				4D6D133F257A69C2009AE5D9 /* OAGlobalKit.framework in Frameworks */,
				67A365288CD9CB206E7B363D /* Pods_OAExtensionsKit.framework in Frameworks */,
			);
			runOnlyForDeploymentPostprocessing = 0;
		};
/* End PBXFrameworksBuildPhase section */

/* Begin PBXGroup section */
		15D81C77B0191E3EE205839E /* Frameworks */ = {
			isa = PBXGroup;
			children = (
				4D6D133E257A69C2009AE5D9 /* OAGlobalKit.framework */,
				F4656737501E0750BFBE6960 /* Pods_OAExtensionsKit.framework */,
			);
			name = Frameworks;
			sourceTree = "<group>";
		};
		4D6D1315257A6999009AE5D9 /* Extensions */ = {
			isa = PBXGroup;
			children = (
				4D6D1328257A6999009AE5D9 /* CALayer+Extension.swift */,
				4D6D131E257A6999009AE5D9 /* FileManager+Extension.swift */,
				4D6D1321257A6999009AE5D9 /* Foundation+Extension.swift */,
				4D6D131C257A6999009AE5D9 /* NSLayoutConstraint+Extension.swift */,
				4D6D1316257A6999009AE5D9 /* Observable+Rx.swift */,
				4D6D1325257A6999009AE5D9 /* UIBarButtonItem+Extension.swift */,
				4D6D131B257A6999009AE5D9 /* UIButton+Extension.swift */,
				4D6D1319257A6999009AE5D9 /* UIColor+Extension.swift */,
				4D6D1317257A6999009AE5D9 /* UIFont+Extension.swift */,
				4D6D131F257A6999009AE5D9 /* UIKit+Extension.swift */,
				4D6D131A257A6999009AE5D9 /* UILabel+Extension.swift */,
				4D6D1320257A6999009AE5D9 /* UIScreen+Extension.swift */,
				4D6D1326257A6999009AE5D9 /* UITextField+Extension.swift */,
				4D6D1324257A6999009AE5D9 /* UITextView+Extension.swift */,
				4D6D1318257A6999009AE5D9 /* UIView+Swizzle.swift */,
				4D6D1322257A6999009AE5D9 /* UIViewController+Debug.swift */,
				4D6D1327257A6999009AE5D9 /* UIViewController+EmptyData.swift */,
				4D6D1323257A6999009AE5D9 /* UIViewController+Rx.swift */,
				4D6D131D257A6999009AE5D9 /* UIViewController+Swizzle.swift */,
			);
			path = Extensions;
			sourceTree = "<group>";
		};
		4DC0A660257A65DB0008BB39 = {
			isa = PBXGroup;
			children = (
				4DC0A66C257A65DB0008BB39 /* OAExtensionsKit */,
				4DC0A66B257A65DB0008BB39 /* Products */,
				5373D5FE8FB06C6E46408351 /* Pods */,
				15D81C77B0191E3EE205839E /* Frameworks */,
			);
			sourceTree = "<group>";
		};
		4DC0A66B257A65DB0008BB39 /* Products */ = {
			isa = PBXGroup;
			children = (
				4DC0A66A257A65DB0008BB39 /* OAExtensionsKit.framework */,
			);
			name = Products;
			sourceTree = "<group>";
		};
		4DC0A66C257A65DB0008BB39 /* OAExtensionsKit */ = {
			isa = PBXGroup;
			children = (
				4D6D1315257A6999009AE5D9 /* Extensions */,
				BF8A03FB257BB8570009DF40 /* HUD.swift */,
				4DC0A66E257A65DB0008BB39 /* Info.plist */,
				4DC0A66D257A65DB0008BB39 /* OAExtensionsKit.h */,
			);
			path = OAExtensionsKit;
			sourceTree = "<group>";
		};
		5373D5FE8FB06C6E46408351 /* Pods */ = {
			isa = PBXGroup;
			children = (
				E00FF1913BE0C471FD5134A0 /* Pods-OAExtensionsKit.debug.xcconfig */,
				BAAD8114A8ED82B20BDA8C30 /* Pods-OAExtensionsKit.release.xcconfig */,
			);
			name = Pods;
			path = ../Pods;
			sourceTree = "<group>";
		};
/* End PBXGroup section */

/* Begin PBXHeadersBuildPhase section */
		4DC0A665257A65DB0008BB39 /* Headers */ = {
			isa = PBXHeadersBuildPhase;
			buildActionMask = 2147483647;
			files = (
				4DC0A66F257A65DB0008BB39 /* OAExtensionsKit.h in Headers */,
			);
			runOnlyForDeploymentPostprocessing = 0;
		};
/* End PBXHeadersBuildPhase section */

/* Begin PBXNativeTarget section */
		4DC0A669257A65DB0008BB39 /* OAExtensionsKit */ = {
			isa = PBXNativeTarget;
			buildConfigurationList = 4DC0A672257A65DB0008BB39 /* Build configuration list for PBXNativeTarget "OAExtensionsKit" */;
			buildPhases = (
				A738E1CC9760A712F4E66D13 /* [CP] Check Pods Manifest.lock */,
				4DC0A665257A65DB0008BB39 /* Headers */,
				4DC0A666257A65DB0008BB39 /* Sources */,
				4DC0A667257A65DB0008BB39 /* Frameworks */,
				4DC0A668257A65DB0008BB39 /* Resources */,
				4D6D1341257A69C2009AE5D9 /* Embed Frameworks */,
				BAF310EBD22A4078658129F3 /* [CP] Copy Pods Resources */,
			);
			buildRules = (
			);
			dependencies = (
			);
			name = OAExtensionsKit;
			productName = OAExtensionsKit;
			productReference = 4DC0A66A257A65DB0008BB39 /* OAExtensionsKit.framework */;
			productType = "com.apple.product-type.framework";
		};
/* End PBXNativeTarget section */

/* Begin PBXProject section */
		4DC0A661257A65DB0008BB39 /* Project object */ = {
			isa = PBXProject;
			attributes = {
				LastUpgradeCheck = 1220;
				TargetAttributes = {
					4DC0A669257A65DB0008BB39 = {
						CreatedOnToolsVersion = 12.2;
					};
				};
			};
			buildConfigurationList = 4DC0A664257A65DB0008BB39 /* Build configuration list for PBXProject "OAExtensionsKit" */;
			compatibilityVersion = "Xcode 9.3";
			developmentRegion = en;
			hasScannedForEncodings = 0;
			knownRegions = (
				en,
				Base,
			);
			mainGroup = 4DC0A660257A65DB0008BB39;
			productRefGroup = 4DC0A66B257A65DB0008BB39 /* Products */;
			projectDirPath = "";
			projectRoot = "";
			targets = (
				4DC0A669257A65DB0008BB39 /* OAExtensionsKit */,
			);
		};
/* End PBXProject section */

/* Begin PBXResourcesBuildPhase section */
		4DC0A668257A65DB0008BB39 /* Resources */ = {
			isa = PBXResourcesBuildPhase;
			buildActionMask = 2147483647;
			files = (
			);
			runOnlyForDeploymentPostprocessing = 0;
		};
/* End PBXResourcesBuildPhase section */

/* Begin PBXShellScriptBuildPhase section */
		A738E1CC9760A712F4E66D13 /* [CP] Check Pods Manifest.lock */ = {
			isa = PBXShellScriptBuildPhase;
			buildActionMask = 2147483647;
			files = (
			);
			inputFileListPaths = (
			);
			inputPaths = (
				"${PODS_PODFILE_DIR_PATH}/Podfile.lock",
				"${PODS_ROOT}/Manifest.lock",
			);
			name = "[CP] Check Pods Manifest.lock";
			outputFileListPaths = (
			);
			outputPaths = (
				"$(DERIVED_FILE_DIR)/Pods-OAExtensionsKit-checkManifestLockResult.txt",
			);
			runOnlyForDeploymentPostprocessing = 0;
			shellPath = /bin/sh;
			shellScript = "diff \"${PODS_PODFILE_DIR_PATH}/Podfile.lock\" \"${PODS_ROOT}/Manifest.lock\" > /dev/null\nif [ $? != 0 ] ; then\n    # print error to STDERR\n    echo \"error: The sandbox is not in sync with the Podfile.lock. Run 'pod install' or update your CocoaPods installation.\" >&2\n    exit 1\nfi\n# This output is used by Xcode 'outputs' to avoid re-running this script phase.\necho \"SUCCESS\" > \"${SCRIPT_OUTPUT_FILE_0}\"\n";
			showEnvVarsInLog = 0;
		};
		BAF310EBD22A4078658129F3 /* [CP] Copy Pods Resources */ = {
			isa = PBXShellScriptBuildPhase;
			buildActionMask = 2147483647;
			files = (
			);
			inputFileListPaths = (
			);
			name = "[CP] Copy Pods Resources";
			outputFileListPaths = (
			);
			runOnlyForDeploymentPostprocessing = 0;
			shellPath = /bin/sh;
			shellScript = "\"${PODS_ROOT}/Target Support Files/Pods-OAExtensionsKit/Pods-OAExtensionsKit-resources.sh\"\n";
			showEnvVarsInLog = 0;
		};
/* End PBXShellScriptBuildPhase section */

/* Begin PBXSourcesBuildPhase section */
		4DC0A666257A65DB0008BB39 /* Sources */ = {
			isa = PBXSourcesBuildPhase;
			buildActionMask = 2147483647;
			files = (
				4D6D133A257A6999009AE5D9 /* UIViewController+EmptyData.swift in Sources */,
				BF8A03FC257BB8570009DF40 /* HUD.swift in Sources */,
				4D6D1338257A6999009AE5D9 /* UIBarButtonItem+Extension.swift in Sources */,
				4D6D132A257A6999009AE5D9 /* UIFont+Extension.swift in Sources */,
				4D6D1330257A6999009AE5D9 /* UIViewController+Swizzle.swift in Sources */,
				4D6D132F257A6999009AE5D9 /* NSLayoutConstraint+Extension.swift in Sources */,
				4D6D1333257A6999009AE5D9 /* UIScreen+Extension.swift in Sources */,
				4D6D133B257A6999009AE5D9 /* CALayer+Extension.swift in Sources */,
				4D6D132B257A6999009AE5D9 /* UIView+Swizzle.swift in Sources */,
				4D6D1332257A6999009AE5D9 /* UIKit+Extension.swift in Sources */,
				4D6D1336257A6999009AE5D9 /* UIViewController+Rx.swift in Sources */,
				4D6D132D257A6999009AE5D9 /* UILabel+Extension.swift in Sources */,
				4D6D1337257A6999009AE5D9 /* UITextView+Extension.swift in Sources */,
				4D6D1329257A6999009AE5D9 /* Observable+Rx.swift in Sources */,
				4D6D1334257A6999009AE5D9 /* Foundation+Extension.swift in Sources */,
				4D6D132C257A6999009AE5D9 /* UIColor+Extension.swift in Sources */,
				4D6D1335257A6999009AE5D9 /* UIViewController+Debug.swift in Sources */,
				4D6D132E257A6999009AE5D9 /* UIButton+Extension.swift in Sources */,
				4D6D1331257A6999009AE5D9 /* FileManager+Extension.swift in Sources */,
				4D6D1339257A6999009AE5D9 /* UITextField+Extension.swift in Sources */,
			);
			runOnlyForDeploymentPostprocessing = 0;
		};
/* End PBXSourcesBuildPhase section */

/* Begin XCBuildConfiguration section */
		4DC0A670257A65DB0008BB39 /* Debug */ = {
			isa = XCBuildConfiguration;
			buildSettings = {
				ALWAYS_SEARCH_USER_PATHS = NO;
				CLANG_ANALYZER_NONNULL = YES;
				CLANG_ANALYZER_NUMBER_OBJECT_CONVERSION = YES_AGGRESSIVE;
				CLANG_CXX_LANGUAGE_STANDARD = "gnu++14";
				CLANG_CXX_LIBRARY = "libc++";
				CLANG_ENABLE_MODULES = YES;
				CLANG_ENABLE_OBJC_ARC = YES;
				CLANG_ENABLE_OBJC_WEAK = YES;
				CLANG_WARN_BLOCK_CAPTURE_AUTORELEASING = YES;
				CLANG_WARN_BOOL_CONVERSION = YES;
				CLANG_WARN_COMMA = YES;
				CLANG_WARN_CONSTANT_CONVERSION = YES;
				CLANG_WARN_DEPRECATED_OBJC_IMPLEMENTATIONS = YES;
				CLANG_WARN_DIRECT_OBJC_ISA_USAGE = YES_ERROR;
				CLANG_WARN_DOCUMENTATION_COMMENTS = YES;
				CLANG_WARN_EMPTY_BODY = YES;
				CLANG_WARN_ENUM_CONVERSION = YES;
				CLANG_WARN_INFINITE_RECURSION = YES;
				CLANG_WARN_INT_CONVERSION = YES;
				CLANG_WARN_NON_LITERAL_NULL_CONVERSION = YES;
				CLANG_WARN_OBJC_IMPLICIT_RETAIN_SELF = YES;
				CLANG_WARN_OBJC_LITERAL_CONVERSION = YES;
				CLANG_WARN_OBJC_ROOT_CLASS = YES_ERROR;
				CLANG_WARN_QUOTED_INCLUDE_IN_FRAMEWORK_HEADER = YES;
				CLANG_WARN_RANGE_LOOP_ANALYSIS = YES;
				CLANG_WARN_STRICT_PROTOTYPES = YES;
				CLANG_WARN_SUSPICIOUS_MOVE = YES;
				CLANG_WARN_UNGUARDED_AVAILABILITY = YES_AGGRESSIVE;
				CLANG_WARN_UNREACHABLE_CODE = YES;
				CLANG_WARN__DUPLICATE_METHOD_MATCH = YES;
				COPY_PHASE_STRIP = NO;
				CURRENT_PROJECT_VERSION = 1;
				DEBUG_INFORMATION_FORMAT = dwarf;
				ENABLE_STRICT_OBJC_MSGSEND = YES;
				ENABLE_TESTABILITY = YES;
				GCC_C_LANGUAGE_STANDARD = gnu11;
				GCC_DYNAMIC_NO_PIC = NO;
				GCC_NO_COMMON_BLOCKS = YES;
				GCC_OPTIMIZATION_LEVEL = 0;
				GCC_PREPROCESSOR_DEFINITIONS = (
					"DEBUG=1",
					"$(inherited)",
				);
				GCC_WARN_64_TO_32_BIT_CONVERSION = YES;
				GCC_WARN_ABOUT_RETURN_TYPE = YES_ERROR;
				GCC_WARN_UNDECLARED_SELECTOR = YES;
				GCC_WARN_UNINITIALIZED_AUTOS = YES_AGGRESSIVE;
				GCC_WARN_UNUSED_FUNCTION = YES;
				GCC_WARN_UNUSED_VARIABLE = YES;
				IPHONEOS_DEPLOYMENT_TARGET = 14.2;
				MTL_ENABLE_DEBUG_INFO = INCLUDE_SOURCE;
				MTL_FAST_MATH = YES;
				ONLY_ACTIVE_ARCH = YES;
				SDKROOT = iphoneos;
				SWIFT_ACTIVE_COMPILATION_CONDITIONS = DEBUG;
				SWIFT_OPTIMIZATION_LEVEL = "-Onone";
				VERSIONING_SYSTEM = "apple-generic";
				VERSION_INFO_PREFIX = "";
			};
			name = Debug;
		};
		4DC0A671257A65DB0008BB39 /* Release */ = {
			isa = XCBuildConfiguration;
			buildSettings = {
				ALWAYS_SEARCH_USER_PATHS = NO;
				CLANG_ANALYZER_NONNULL = YES;
				CLANG_ANALYZER_NUMBER_OBJECT_CONVERSION = YES_AGGRESSIVE;
				CLANG_CXX_LANGUAGE_STANDARD = "gnu++14";
				CLANG_CXX_LIBRARY = "libc++";
				CLANG_ENABLE_MODULES = YES;
				CLANG_ENABLE_OBJC_ARC = YES;
				CLANG_ENABLE_OBJC_WEAK = YES;
				CLANG_WARN_BLOCK_CAPTURE_AUTORELEASING = YES;
				CLANG_WARN_BOOL_CONVERSION = YES;
				CLANG_WARN_COMMA = YES;
				CLANG_WARN_CONSTANT_CONVERSION = YES;
				CLANG_WARN_DEPRECATED_OBJC_IMPLEMENTATIONS = YES;
				CLANG_WARN_DIRECT_OBJC_ISA_USAGE = YES_ERROR;
				CLANG_WARN_DOCUMENTATION_COMMENTS = YES;
				CLANG_WARN_EMPTY_BODY = YES;
				CLANG_WARN_ENUM_CONVERSION = YES;
				CLANG_WARN_INFINITE_RECURSION = YES;
				CLANG_WARN_INT_CONVERSION = YES;
				CLANG_WARN_NON_LITERAL_NULL_CONVERSION = YES;
				CLANG_WARN_OBJC_IMPLICIT_RETAIN_SELF = YES;
				CLANG_WARN_OBJC_LITERAL_CONVERSION = YES;
				CLANG_WARN_OBJC_ROOT_CLASS = YES_ERROR;
				CLANG_WARN_QUOTED_INCLUDE_IN_FRAMEWORK_HEADER = YES;
				CLANG_WARN_RANGE_LOOP_ANALYSIS = YES;
				CLANG_WARN_STRICT_PROTOTYPES = YES;
				CLANG_WARN_SUSPICIOUS_MOVE = YES;
				CLANG_WARN_UNGUARDED_AVAILABILITY = YES_AGGRESSIVE;
				CLANG_WARN_UNREACHABLE_CODE = YES;
				CLANG_WARN__DUPLICATE_METHOD_MATCH = YES;
				COPY_PHASE_STRIP = NO;
				CURRENT_PROJECT_VERSION = 1;
				DEBUG_INFORMATION_FORMAT = "dwarf-with-dsym";
				ENABLE_NS_ASSERTIONS = NO;
				ENABLE_STRICT_OBJC_MSGSEND = YES;
				GCC_C_LANGUAGE_STANDARD = gnu11;
				GCC_NO_COMMON_BLOCKS = YES;
				GCC_WARN_64_TO_32_BIT_CONVERSION = YES;
				GCC_WARN_ABOUT_RETURN_TYPE = YES_ERROR;
				GCC_WARN_UNDECLARED_SELECTOR = YES;
				GCC_WARN_UNINITIALIZED_AUTOS = YES_AGGRESSIVE;
				GCC_WARN_UNUSED_FUNCTION = YES;
				GCC_WARN_UNUSED_VARIABLE = YES;
				IPHONEOS_DEPLOYMENT_TARGET = 14.2;
				MTL_ENABLE_DEBUG_INFO = NO;
				MTL_FAST_MATH = YES;
				SDKROOT = iphoneos;
				SWIFT_COMPILATION_MODE = wholemodule;
				SWIFT_OPTIMIZATION_LEVEL = "-O";
				VALIDATE_PRODUCT = YES;
				VERSIONING_SYSTEM = "apple-generic";
				VERSION_INFO_PREFIX = "";
			};
			name = Release;
		};
		4DC0A673257A65DB0008BB39 /* Debug */ = {
			isa = XCBuildConfiguration;
			baseConfigurationReference = E00FF1913BE0C471FD5134A0 /* Pods-OAExtensionsKit.debug.xcconfig */;
			buildSettings = {
				CODE_SIGN_STYLE = Automatic;
				DEFINES_MODULE = YES;
				DYLIB_COMPATIBILITY_VERSION = 1;
				DYLIB_CURRENT_VERSION = 1;
				DYLIB_INSTALL_NAME_BASE = "@rpath";
				INFOPLIST_FILE = OAExtensionsKit/Info.plist;
				INSTALL_PATH = "$(LOCAL_LIBRARY_DIR)/Frameworks";
				IPHONEOS_DEPLOYMENT_TARGET = 12.0;
				LD_RUNPATH_SEARCH_PATHS = (
					"$(inherited)",
					"@executable_path/Frameworks",
					"@loader_path/Frameworks",
				);
				PRODUCT_BUNDLE_IDENTIFIER = com.yunyu.OAExtensionsKit;
				PRODUCT_NAME = "$(TARGET_NAME:c99extidentifier)";
				SKIP_INSTALL = YES;
				SWIFT_VERSION = 5.0;
				TARGETED_DEVICE_FAMILY = "1,2";
			};
			name = Debug;
		};
		4DC0A674257A65DB0008BB39 /* Release */ = {
			isa = XCBuildConfiguration;
			baseConfigurationReference = BAAD8114A8ED82B20BDA8C30 /* Pods-OAExtensionsKit.release.xcconfig */;
			buildSettings = {
				CODE_SIGN_STYLE = Automatic;
				DEFINES_MODULE = YES;
				DYLIB_COMPATIBILITY_VERSION = 1;
				DYLIB_CURRENT_VERSION = 1;
				DYLIB_INSTALL_NAME_BASE = "@rpath";
				INFOPLIST_FILE = OAExtensionsKit/Info.plist;
				INSTALL_PATH = "$(LOCAL_LIBRARY_DIR)/Frameworks";
				IPHONEOS_DEPLOYMENT_TARGET = 12.0;
				LD_RUNPATH_SEARCH_PATHS = (
					"$(inherited)",
					"@executable_path/Frameworks",
					"@loader_path/Frameworks",
				);
				PRODUCT_BUNDLE_IDENTIFIER = com.yunyu.OAExtensionsKit;
				PRODUCT_NAME = "$(TARGET_NAME:c99extidentifier)";
				SKIP_INSTALL = YES;
				SWIFT_VERSION = 5.0;
				TARGETED_DEVICE_FAMILY = "1,2";
			};
			name = Release;
		};
/* End XCBuildConfiguration section */

/* Begin XCConfigurationList section */
		4DC0A664257A65DB0008BB39 /* Build configuration list for PBXProject "OAExtensionsKit" */ = {
			isa = XCConfigurationList;
			buildConfigurations = (
				4DC0A670257A65DB0008BB39 /* Debug */,
				4DC0A671257A65DB0008BB39 /* Release */,
			);
			defaultConfigurationIsVisible = 0;
			defaultConfigurationName = Release;
		};
		4DC0A672257A65DB0008BB39 /* Build configuration list for PBXNativeTarget "OAExtensionsKit" */ = {
			isa = XCConfigurationList;
			buildConfigurations = (
				4DC0A673257A65DB0008BB39 /* Debug */,
				4DC0A674257A65DB0008BB39 /* Release */,
			);
			defaultConfigurationIsVisible = 0;
			defaultConfigurationName = Release;
		};
/* End XCConfigurationList section */
	};
	rootObject = 4DC0A661257A65DB0008BB39 /* Project object */;
}
