// !$*UTF8*$!
{
	archiveVersion = 1;
	classes = {
	};
	objectVersion = 50;
	objects = {

/* Begin PBXBuildFile section */
		4D15D5572577AA9400FC7CE9 /* Localizable.strings in Resources */ = {isa = PBXBuildFile; fileRef = 4D15D5592577AA9400FC7CE9 /* Localizable.strings */; };
		4DA46F1E257892D700C91078 /* ios_ossUITests.swift in Sources */ = {isa = PBXBuildFile; fileRef = 4DA46F1D257892D700C91078 /* ios_ossUITests.swift */; };
		4DA46F30257892DC00C91078 /* ios_ossTests.swift in Sources */ = {isa = PBXBuildFile; fileRef = 4DA46F2F257892DC00C91078 /* ios_ossTests.swift */; };
		4DE43A9F2581BDC20046ECF0 /* ShareManager.swift in Sources */ = {isa = PBXBuildFile; fileRef = 4DE43A9E2581BDC20046ECF0 /* ShareManager.swift */; };
		4DE81BEE256CA02D0013C1F9 /* AppDelegate.swift in Sources */ = {isa = PBXBuildFile; fileRef = 4DE81BED256CA02D0013C1F9 /* AppDelegate.swift */; };
		4DE81BF7256CA02E0013C1F9 /* Assets.xcassets in Resources */ = {isa = PBXBuildFile; fileRef = 4DE81BF6256CA02E0013C1F9 /* Assets.xcassets */; };
		4DE81BFA256CA02E0013C1F9 /* LaunchScreen.storyboard in Resources */ = {isa = PBXBuildFile; fileRef = 4DE81BF8256CA02E0013C1F9 /* LaunchScreen.storyboard */; };
		4DE81C23256CA4FB0013C1F9 /* TabBarViewController.swift in Sources */ = {isa = PBXBuildFile; fileRef = 4DE81C22256CA4FB0013C1F9 /* TabBarViewController.swift */; };
		4DE81C27256CA5070013C1F9 /* TabBar.storyboard in Resources */ = {isa = PBXBuildFile; fileRef = 4DE81C26256CA5070013C1F9 /* TabBar.storyboard */; };
		4DE81C2A256CA54C0013C1F9 /* KeyValueStore.swift in Sources */ = {isa = PBXBuildFile; fileRef = 4DE81C29256CA54C0013C1F9 /* KeyValueStore.swift */; };
		4DE81C74256CB09E0013C1F9 /* PushNotification.swift in Sources */ = {isa = PBXBuildFile; fileRef = 4DE81C73256CB09E0013C1F9 /* PushNotification.swift */; };
		4DE81C90256CB8590013C1F9 /* Constants.swift in Sources */ = {isa = PBXBuildFile; fileRef = 4DE81C8F256CB8590013C1F9 /* Constants.swift */; };
		4DE81D00256CE3490013C1F9 /* WebViewController.swift in Sources */ = {isa = PBXBuildFile; fileRef = 4DE81CFF256CE3490013C1F9 /* WebViewController.swift */; };
		4DE81D04256CE3870013C1F9 /* JSWebViewController.swift in Sources */ = {isa = PBXBuildFile; fileRef = 4DE81D03256CE3870013C1F9 /* JSWebViewController.swift */; };
		4DEDCF772580BDF10033D2A4 /* TabBarConnector.swift in Sources */ = {isa = PBXBuildFile; fileRef = 4DEDCF762580BDF10033D2A4 /* TabBarConnector.swift */; };
		4DEDCF7B2580BE040033D2A4 /* TabBarViewController+Component.swift in Sources */ = {isa = PBXBuildFile; fileRef = 4DEDCF7A2580BE040033D2A4 /* TabBarViewController+Component.swift */; };
		AC4D7706F9F8989C73731B60 /* Pods_ios_oss.framework in Frameworks */ = {isa = PBXBuildFile; fileRef = A4E69E6E0AF006C41D128308 /* Pods_ios_oss.framework */; };
		BF8A06AC257BCC310009DF40 /* Storyboard.swift in Sources */ = {isa = PBXBuildFile; fileRef = BF8A06AB257BCC310009DF40 /* Storyboard.swift */; };
/* End PBXBuildFile section */

/* Begin PBXContainerItemProxy section */
		4DA46F20257892D700C91078 /* PBXContainerItemProxy */ = {
			isa = PBXContainerItemProxy;
			containerPortal = 4DE81BE2256CA02D0013C1F9 /* Project object */;
			proxyType = 1;
			remoteGlobalIDString = 4DE81BE9256CA02D0013C1F9;
			remoteInfo = "ios-oss";
		};
		4DA46F32257892DC00C91078 /* PBXContainerItemProxy */ = {
			isa = PBXContainerItemProxy;
			containerPortal = 4DE81BE2256CA02D0013C1F9 /* Project object */;
			proxyType = 1;
			remoteGlobalIDString = 4DE81BE9256CA02D0013C1F9;
			remoteInfo = "ios-oss";
		};
/* End PBXContainerItemProxy section */

/* Begin PBXFileReference section */
		4D15D52C25779E7A00FC7CE9 /* zh-Hans */ = {isa = PBXFileReference; lastKnownFileType = text.plist.strings; name = "zh-Hans"; path = "zh-Hans.lproj/LaunchScreen.strings"; sourceTree = "<group>"; };
		4D15D5582577AA9400FC7CE9 /* en */ = {isa = PBXFileReference; lastKnownFileType = text.plist.strings; name = en; path = en.lproj/Localizable.strings; sourceTree = "<group>"; };
		4D15D55B2577AA9600FC7CE9 /* zh-Hans */ = {isa = PBXFileReference; lastKnownFileType = text.plist.strings; name = "zh-Hans"; path = "zh-Hans.lproj/Localizable.strings"; sourceTree = "<group>"; };
		4D2C8C83257A5DB6001C832B /* Pods_OAMyKit.framework */ = {isa = PBXFileReference; explicitFileType = wrapper.framework; path = Pods_OAMyKit.framework; sourceTree = BUILT_PRODUCTS_DIR; };
		4D4C37642577BFE00021090F /* zh-Hant */ = {isa = PBXFileReference; lastKnownFileType = text.plist.strings; name = "zh-Hant"; path = "zh-Hant.lproj/LaunchScreen.strings"; sourceTree = "<group>"; };
		4D4C37652577BFE00021090F /* zh-Hant */ = {isa = PBXFileReference; lastKnownFileType = text.plist.strings; name = "zh-Hant"; path = "zh-Hant.lproj/Localizable.strings"; sourceTree = "<group>"; };
		4D4C37672577BFE40021090F /* zh-HK */ = {isa = PBXFileReference; lastKnownFileType = text.plist.strings; name = "zh-HK"; path = "zh-HK.lproj/LaunchScreen.strings"; sourceTree = "<group>"; };
		4D4C37682577BFE40021090F /* zh-HK */ = {isa = PBXFileReference; lastKnownFileType = text.plist.strings; name = "zh-HK"; path = "zh-HK.lproj/Localizable.strings"; sourceTree = "<group>"; };
		4D4C376F2577C0450021090F /* ja */ = {isa = PBXFileReference; lastKnownFileType = text.plist.strings; name = ja; path = ja.lproj/LaunchScreen.strings; sourceTree = "<group>"; };
		4D4C37702577C0450021090F /* ja */ = {isa = PBXFileReference; lastKnownFileType = text.plist.strings; name = ja; path = ja.lproj/Localizable.strings; sourceTree = "<group>"; };
		4D67DA0A257A534200FDB68A /* OAComponentManagerKit.framework */ = {isa = PBXFileReference; explicitFileType = wrapper.framework; path = OAComponentManagerKit.framework; sourceTree = BUILT_PRODUCTS_DIR; };
		4D6D1346257A6A8B009AE5D9 /* OAGlobalKit.framework */ = {isa = PBXFileReference; explicitFileType = wrapper.framework; path = OAGlobalKit.framework; sourceTree = BUILT_PRODUCTS_DIR; };
		4D6D134B257A6A91009AE5D9 /* OAExtensionsKit.framework */ = {isa = PBXFileReference; explicitFileType = wrapper.framework; path = OAExtensionsKit.framework; sourceTree = BUILT_PRODUCTS_DIR; };
		4D6D1352257A6C3B009AE5D9 /* OANavigatorKit.framework */ = {isa = PBXFileReference; explicitFileType = wrapper.framework; path = OANavigatorKit.framework; sourceTree = BUILT_PRODUCTS_DIR; };
		4D6D1357257A6C41009AE5D9 /* OAServiceKit.framework */ = {isa = PBXFileReference; explicitFileType = wrapper.framework; path = OAServiceKit.framework; sourceTree = BUILT_PRODUCTS_DIR; };
		4D6D135A257A6C4B009AE5D9 /* OAMyKit.framework */ = {isa = PBXFileReference; explicitFileType = wrapper.framework; path = OAMyKit.framework; sourceTree = BUILT_PRODUCTS_DIR; };
		4DA46F1B257892D700C91078 /* ios-ossUITests.xctest */ = {isa = PBXFileReference; explicitFileType = wrapper.cfbundle; includeInIndex = 0; path = "ios-ossUITests.xctest"; sourceTree = BUILT_PRODUCTS_DIR; };
		4DA46F1D257892D700C91078 /* ios_ossUITests.swift */ = {isa = PBXFileReference; lastKnownFileType = sourcecode.swift; path = ios_ossUITests.swift; sourceTree = "<group>"; };
		4DA46F1F257892D700C91078 /* Info.plist */ = {isa = PBXFileReference; lastKnownFileType = text.plist.xml; path = Info.plist; sourceTree = "<group>"; };
		4DA46F2D257892DC00C91078 /* ios-ossTests.xctest */ = {isa = PBXFileReference; explicitFileType = wrapper.cfbundle; includeInIndex = 0; path = "ios-ossTests.xctest"; sourceTree = BUILT_PRODUCTS_DIR; };
		4DA46F2F257892DC00C91078 /* ios_ossTests.swift */ = {isa = PBXFileReference; lastKnownFileType = sourcecode.swift; path = ios_ossTests.swift; sourceTree = "<group>"; };
		4DA46F31257892DC00C91078 /* Info.plist */ = {isa = PBXFileReference; lastKnownFileType = text.plist.xml; path = Info.plist; sourceTree = "<group>"; };
		4DE43A9E2581BDC20046ECF0 /* ShareManager.swift */ = {isa = PBXFileReference; lastKnownFileType = sourcecode.swift; path = ShareManager.swift; sourceTree = "<group>"; };
		4DE43AA22581BDE70046ECF0 /* ios-oss-Bridging-Header.h */ = {isa = PBXFileReference; lastKnownFileType = sourcecode.c.h; path = "ios-oss-Bridging-Header.h"; sourceTree = "<group>"; };
		4DE81BEA256CA02D0013C1F9 /* ios-oss.app */ = {isa = PBXFileReference; explicitFileType = wrapper.application; includeInIndex = 0; path = "ios-oss.app"; sourceTree = BUILT_PRODUCTS_DIR; };
		4DE81BED256CA02D0013C1F9 /* AppDelegate.swift */ = {isa = PBXFileReference; lastKnownFileType = sourcecode.swift; path = AppDelegate.swift; sourceTree = "<group>"; };
		4DE81BF6256CA02E0013C1F9 /* Assets.xcassets */ = {isa = PBXFileReference; lastKnownFileType = folder.assetcatalog; path = Assets.xcassets; sourceTree = "<group>"; };
		4DE81BF9256CA02E0013C1F9 /* Base */ = {isa = PBXFileReference; lastKnownFileType = file.storyboard; name = Base; path = Base.lproj/LaunchScreen.storyboard; sourceTree = "<group>"; };
		4DE81BFB256CA02E0013C1F9 /* Info.plist */ = {isa = PBXFileReference; lastKnownFileType = text.plist.xml; path = Info.plist; sourceTree = "<group>"; };
		4DE81C22256CA4FB0013C1F9 /* TabBarViewController.swift */ = {isa = PBXFileReference; lastKnownFileType = sourcecode.swift; path = TabBarViewController.swift; sourceTree = "<group>"; };
		4DE81C26256CA5070013C1F9 /* TabBar.storyboard */ = {isa = PBXFileReference; lastKnownFileType = file.storyboard; path = TabBar.storyboard; sourceTree = "<group>"; };
		4DE81C29256CA54C0013C1F9 /* KeyValueStore.swift */ = {isa = PBXFileReference; lastKnownFileType = sourcecode.swift; path = KeyValueStore.swift; sourceTree = "<group>"; };
		4DE81C73256CB09E0013C1F9 /* PushNotification.swift */ = {isa = PBXFileReference; lastKnownFileType = sourcecode.swift; path = PushNotification.swift; sourceTree = "<group>"; };
		4DE81C8F256CB8590013C1F9 /* Constants.swift */ = {isa = PBXFileReference; lastKnownFileType = sourcecode.swift; path = Constants.swift; sourceTree = "<group>"; };
		4DE81CFF256CE3490013C1F9 /* WebViewController.swift */ = {isa = PBXFileReference; lastKnownFileType = sourcecode.swift; path = WebViewController.swift; sourceTree = "<group>"; };
		4DE81D03256CE3870013C1F9 /* JSWebViewController.swift */ = {isa = PBXFileReference; lastKnownFileType = sourcecode.swift; path = JSWebViewController.swift; sourceTree = "<group>"; };
		4DEDCF762580BDF10033D2A4 /* TabBarConnector.swift */ = {isa = PBXFileReference; lastKnownFileType = sourcecode.swift; path = TabBarConnector.swift; sourceTree = "<group>"; };
		4DEDCF7A2580BE040033D2A4 /* TabBarViewController+Component.swift */ = {isa = PBXFileReference; lastKnownFileType = sourcecode.swift; path = "TabBarViewController+Component.swift"; sourceTree = "<group>"; };
		4DEDCF802580BEA60033D2A4 /* OALaunchKit.framework */ = {isa = PBXFileReference; explicitFileType = wrapper.framework; path = OALaunchKit.framework; sourceTree = BUILT_PRODUCTS_DIR; };
		6EA5C715A9C6BFBBEC89045D /* Pods-ios-oss.preview.xcconfig */ = {isa = PBXFileReference; includeInIndex = 1; lastKnownFileType = text.xcconfig; name = "Pods-ios-oss.preview.xcconfig"; path = "Target Support Files/Pods-ios-oss/Pods-ios-oss.preview.xcconfig"; sourceTree = "<group>"; };
		9E4484CF2A05AF49022748FA /* Pods-ios-oss.release.xcconfig */ = {isa = PBXFileReference; includeInIndex = 1; lastKnownFileType = text.xcconfig; name = "Pods-ios-oss.release.xcconfig"; path = "Target Support Files/Pods-ios-oss/Pods-ios-oss.release.xcconfig"; sourceTree = "<group>"; };
		A4E69E6E0AF006C41D128308 /* Pods_ios_oss.framework */ = {isa = PBXFileReference; explicitFileType = wrapper.framework; includeInIndex = 0; path = Pods_ios_oss.framework; sourceTree = BUILT_PRODUCTS_DIR; };
		BF8A05F4257BC6630009DF40 /* OALoginKit.framework */ = {isa = PBXFileReference; explicitFileType = wrapper.framework; path = OALoginKit.framework; sourceTree = BUILT_PRODUCTS_DIR; };
		BF8A06AB257BCC310009DF40 /* Storyboard.swift */ = {isa = PBXFileReference; fileEncoding = 4; lastKnownFileType = sourcecode.swift; path = Storyboard.swift; sourceTree = "<group>"; };
		C4F95267566E4F3B43E24030 /* Pods-ios-oss.live.xcconfig */ = {isa = PBXFileReference; includeInIndex = 1; lastKnownFileType = text.xcconfig; name = "Pods-ios-oss.live.xcconfig"; path = "Target Support Files/Pods-ios-oss/Pods-ios-oss.live.xcconfig"; sourceTree = "<group>"; };
		F64B8D4A7C8638B886BFD81A /* Pods-ios-oss.debug.xcconfig */ = {isa = PBXFileReference; includeInIndex = 1; lastKnownFileType = text.xcconfig; name = "Pods-ios-oss.debug.xcconfig"; path = "Target Support Files/Pods-ios-oss/Pods-ios-oss.debug.xcconfig"; sourceTree = "<group>"; };
/* End PBXFileReference section */

/* Begin PBXFrameworksBuildPhase section */
		4DA46F18257892D700C91078 /* Frameworks */ = {
			isa = PBXFrameworksBuildPhase;
			buildActionMask = 2147483647;
			files = (
			);
			runOnlyForDeploymentPostprocessing = 0;
		};
		4DA46F2A257892DC00C91078 /* Frameworks */ = {
			isa = PBXFrameworksBuildPhase;
			buildActionMask = 2147483647;
			files = (
			);
			runOnlyForDeploymentPostprocessing = 0;
		};
		4DE81BE7256CA02D0013C1F9 /* Frameworks */ = {
			isa = PBXFrameworksBuildPhase;
			buildActionMask = 2147483647;
			files = (
				AC4D7706F9F8989C73731B60 /* Pods_ios_oss.framework in Frameworks */,
			);
			runOnlyForDeploymentPostprocessing = 0;
		};
/* End PBXFrameworksBuildPhase section */

/* Begin PBXGroup section */
		3CA5A5F38281E1A5C7CE87F4 /* Pods */ = {
			isa = PBXGroup;
			children = (
				F64B8D4A7C8638B886BFD81A /* Pods-ios-oss.debug.xcconfig */,
				9E4484CF2A05AF49022748FA /* Pods-ios-oss.release.xcconfig */,
				C4F95267566E4F3B43E24030 /* Pods-ios-oss.live.xcconfig */,
				6EA5C715A9C6BFBBEC89045D /* Pods-ios-oss.preview.xcconfig */,
			);
			path = Pods;
			sourceTree = "<group>";
		};
		4D6D12FE257A691D009AE5D9 /* Recovered References */ = {
			isa = PBXGroup;
			children = (
				4D2C8C83257A5DB6001C832B /* Pods_OAMyKit.framework */,
			);
			name = "Recovered References";
			sourceTree = "<group>";
		};
		4DA46F1C257892D700C91078 /* ios-ossUITests */ = {
			isa = PBXGroup;
			children = (
				4DA46F1D257892D700C91078 /* ios_ossUITests.swift */,
				4DA46F1F257892D700C91078 /* Info.plist */,
			);
			path = "ios-ossUITests";
			sourceTree = "<group>";
		};
		4DA46F2E257892DC00C91078 /* ios-ossTests */ = {
			isa = PBXGroup;
			children = (
				4DA46F2F257892DC00C91078 /* ios_ossTests.swift */,
				4DA46F31257892DC00C91078 /* Info.plist */,
			);
			path = "ios-ossTests";
			sourceTree = "<group>";
		};
		4DE81BE1256CA02D0013C1F9 = {
			isa = PBXGroup;
			children = (
				4DE81BEC256CA02D0013C1F9 /* ios-oss */,
				4DA46F1C257892D700C91078 /* ios-ossUITests */,
				4DA46F2E257892DC00C91078 /* ios-ossTests */,
				4DE81BEB256CA02D0013C1F9 /* Products */,
				3CA5A5F38281E1A5C7CE87F4 /* Pods */,
				7A5BD1161A8313DC7D49ECF2 /* Frameworks */,
				4D6D12FE257A691D009AE5D9 /* Recovered References */,
			);
			sourceTree = "<group>";
		};
		4DE81BEB256CA02D0013C1F9 /* Products */ = {
			isa = PBXGroup;
			children = (
				4DE81BEA256CA02D0013C1F9 /* ios-oss.app */,
				4DA46F1B257892D700C91078 /* ios-ossUITests.xctest */,
				4DA46F2D257892DC00C91078 /* ios-ossTests.xctest */,
			);
			name = Products;
			sourceTree = "<group>";
		};
		4DE81BEC256CA02D0013C1F9 /* ios-oss */ = {
			isa = PBXGroup;
			children = (
				4DE81C0B256CA4380013C1F9 /* AppDelegate */,
				4DE81C0A256CA42F0013C1F9 /* Modules */,
				4DE81C09256CA4250013C1F9 /* Resource */,
				4DE81C19256CA4710013C1F9 /* Util */,
			);
			path = "ios-oss";
			sourceTree = "<group>";
		};
		4DE81C09256CA4250013C1F9 /* Resource */ = {
			isa = PBXGroup;
			children = (
				4DE81BF6256CA02E0013C1F9 /* Assets.xcassets */,
				4DE81BF8256CA02E0013C1F9 /* LaunchScreen.storyboard */,
				4DE81BFB256CA02E0013C1F9 /* Info.plist */,
				4D15D5592577AA9400FC7CE9 /* Localizable.strings */,
				4DE43AA22581BDE70046ECF0 /* ios-oss-Bridging-Header.h */,
			);
			path = Resource;
			sourceTree = "<group>";
		};
		4DE81C0A256CA42F0013C1F9 /* Modules */ = {
			isa = PBXGroup;
			children = (
				4DE81C21256CA4E90013C1F9 /* TabBar */,
				4DE81CFE256CE3230013C1F9 /* Webs */,
				4DE43A9E2581BDC20046ECF0 /* ShareManager.swift */,
			);
			path = Modules;
			sourceTree = "<group>";
		};
		4DE81C0B256CA4380013C1F9 /* AppDelegate */ = {
			isa = PBXGroup;
			children = (
				4DE81BED256CA02D0013C1F9 /* AppDelegate.swift */,
				4DE81C73256CB09E0013C1F9 /* PushNotification.swift */,
			);
			path = AppDelegate;
			sourceTree = "<group>";
		};
		4DE81C19256CA4710013C1F9 /* Util */ = {
			isa = PBXGroup;
			children = (
				BF8A06AB257BCC310009DF40 /* Storyboard.swift */,
				4DE81C29256CA54C0013C1F9 /* KeyValueStore.swift */,
				4DE81C8F256CB8590013C1F9 /* Constants.swift */,
			);
			path = Util;
			sourceTree = "<group>";
		};
		4DE81C21256CA4E90013C1F9 /* TabBar */ = {
			isa = PBXGroup;
			children = (
				4DE81C26256CA5070013C1F9 /* TabBar.storyboard */,
				4DE81C22256CA4FB0013C1F9 /* TabBarViewController.swift */,
				4DEDCF762580BDF10033D2A4 /* TabBarConnector.swift */,
				4DEDCF7A2580BE040033D2A4 /* TabBarViewController+Component.swift */,
			);
			path = TabBar;
			sourceTree = "<group>";
		};
		4DE81CFE256CE3230013C1F9 /* Webs */ = {
			isa = PBXGroup;
			children = (
				4DE81D08256CE3AE0013C1F9 /* JSWeb */,
				4DE81D07256CE3AC0013C1F9 /* Web */,
			);
			path = Webs;
			sourceTree = "<group>";
		};
		4DE81D07256CE3AC0013C1F9 /* Web */ = {
			isa = PBXGroup;
			children = (
				4DE81CFF256CE3490013C1F9 /* WebViewController.swift */,
			);
			path = Web;
			sourceTree = "<group>";
		};
		4DE81D08256CE3AE0013C1F9 /* JSWeb */ = {
			isa = PBXGroup;
			children = (
				4DE81D03256CE3870013C1F9 /* JSWebViewController.swift */,
			);
			path = JSWeb;
			sourceTree = "<group>";
		};
		7A5BD1161A8313DC7D49ECF2 /* Frameworks */ = {
			isa = PBXGroup;
			children = (
				4DEDCF802580BEA60033D2A4 /* OALaunchKit.framework */,
				BF8A05F4257BC6630009DF40 /* OALoginKit.framework */,
				4D6D135A257A6C4B009AE5D9 /* OAMyKit.framework */,
				4D6D1357257A6C41009AE5D9 /* OAServiceKit.framework */,
				4D6D1352257A6C3B009AE5D9 /* OANavigatorKit.framework */,
				4D6D134B257A6A91009AE5D9 /* OAExtensionsKit.framework */,
				4D6D1346257A6A8B009AE5D9 /* OAGlobalKit.framework */,
				4D67DA0A257A534200FDB68A /* OAComponentManagerKit.framework */,
				A4E69E6E0AF006C41D128308 /* Pods_ios_oss.framework */,
			);
			name = Frameworks;
			sourceTree = "<group>";
		};
/* End PBXGroup section */

/* Begin PBXNativeTarget section */
		4DA46F1A257892D700C91078 /* ios-ossUITests */ = {
			isa = PBXNativeTarget;
			buildConfigurationList = 4DA46F26257892D700C91078 /* Build configuration list for PBXNativeTarget "ios-ossUITests" */;
			buildPhases = (
				4DA46F17257892D700C91078 /* Sources */,
				4DA46F18257892D700C91078 /* Frameworks */,
				4DA46F19257892D700C91078 /* Resources */,
			);
			buildRules = (
			);
			dependencies = (
				4DA46F21257892D700C91078 /* PBXTargetDependency */,
			);
			name = "ios-ossUITests";
			productName = "ios-ossUITests";
			productReference = 4DA46F1B257892D700C91078 /* ios-ossUITests.xctest */;
			productType = "com.apple.product-type.bundle.ui-testing";
		};
		4DA46F2C257892DC00C91078 /* ios-ossTests */ = {
			isa = PBXNativeTarget;
			buildConfigurationList = 4DA46F34257892DC00C91078 /* Build configuration list for PBXNativeTarget "ios-ossTests" */;
			buildPhases = (
				4DA46F29257892DC00C91078 /* Sources */,
				4DA46F2A257892DC00C91078 /* Frameworks */,
				4DA46F2B257892DC00C91078 /* Resources */,
			);
			buildRules = (
			);
			dependencies = (
				4DA46F33257892DC00C91078 /* PBXTargetDependency */,
			);
			name = "ios-ossTests";
			productName = "ios-ossTests";
			productReference = 4DA46F2D257892DC00C91078 /* ios-ossTests.xctest */;
			productType = "com.apple.product-type.bundle.unit-test";
		};
		4DE81BE9256CA02D0013C1F9 /* ios-oss */ = {
			isa = PBXNativeTarget;
			buildConfigurationList = 4DE81BFE256CA02E0013C1F9 /* Build configuration list for PBXNativeTarget "ios-oss" */;
			buildPhases = (
				4B7CC2DECECE646B8BEC43DF /* [CP] Check Pods Manifest.lock */,
				4DE81BE6256CA02D0013C1F9 /* Sources */,
				4DE81BE7256CA02D0013C1F9 /* Frameworks */,
				4DE81BE8256CA02D0013C1F9 /* Resources */,
				5B4C270B0C9C8C433F15004B /* [CP] Embed Pods Frameworks */,
			);
			buildRules = (
			);
			dependencies = (
			);
			name = "ios-oss";
			productName = "ios-oss";
			productReference = 4DE81BEA256CA02D0013C1F9 /* ios-oss.app */;
			productType = "com.apple.product-type.application";
		};
/* End PBXNativeTarget section */

/* Begin PBXProject section */
		4DE81BE2256CA02D0013C1F9 /* Project object */ = {
			isa = PBXProject;
			attributes = {
				LastSwiftUpdateCheck = 1220;
				LastUpgradeCheck = 1220;
				TargetAttributes = {
					4DA46F1A257892D700C91078 = {
						CreatedOnToolsVersion = 12.2;
						TestTargetID = 4DE81BE9256CA02D0013C1F9;
					};
					4DA46F2C257892DC00C91078 = {
						CreatedOnToolsVersion = 12.2;
						TestTargetID = 4DE81BE9256CA02D0013C1F9;
					};
					4DE81BE9256CA02D0013C1F9 = {
						CreatedOnToolsVersion = 12.2;
						LastSwiftMigration = 1220;
					};
				};
			};
			buildConfigurationList = 4DE81BE5256CA02D0013C1F9 /* Build configuration list for PBXProject "ios-oss" */;
			compatibilityVersion = "Xcode 9.3";
			developmentRegion = en;
			hasScannedForEncodings = 0;
			knownRegions = (
				en,
				Base,
				"zh-Hans",
				"zh-Hant",
				"zh-HK",
				ja,
			);
			mainGroup = 4DE81BE1256CA02D0013C1F9;
			productRefGroup = 4DE81BEB256CA02D0013C1F9 /* Products */;
			projectDirPath = "";
			projectRoot = "";
			targets = (
				4DE81BE9256CA02D0013C1F9 /* ios-oss */,
				4DA46F1A257892D700C91078 /* ios-ossUITests */,
				4DA46F2C257892DC00C91078 /* ios-ossTests */,
			);
		};
/* End PBXProject section */

/* Begin PBXResourcesBuildPhase section */
		4DA46F19257892D700C91078 /* Resources */ = {
			isa = PBXResourcesBuildPhase;
			buildActionMask = 2147483647;
			files = (
			);
			runOnlyForDeploymentPostprocessing = 0;
		};
		4DA46F2B257892DC00C91078 /* Resources */ = {
			isa = PBXResourcesBuildPhase;
			buildActionMask = 2147483647;
			files = (
			);
			runOnlyForDeploymentPostprocessing = 0;
		};
		4DE81BE8256CA02D0013C1F9 /* Resources */ = {
			isa = PBXResourcesBuildPhase;
			buildActionMask = 2147483647;
			files = (
				4DE81BFA256CA02E0013C1F9 /* LaunchScreen.storyboard in Resources */,
				4DE81C27256CA5070013C1F9 /* TabBar.storyboard in Resources */,
				4DE81BF7256CA02E0013C1F9 /* Assets.xcassets in Resources */,
				4D15D5572577AA9400FC7CE9 /* Localizable.strings in Resources */,
			);
			runOnlyForDeploymentPostprocessing = 0;
		};
/* End PBXResourcesBuildPhase section */

/* Begin PBXShellScriptBuildPhase section */
		4B7CC2DECECE646B8BEC43DF /* [CP] Check Pods Manifest.lock */ = {
			isa = PBXShellScriptBuildPhase;
			buildActionMask = 2147483647;
			files = (
			);
			inputFileListPaths = (
			);
			inputPaths = (
				"${PODS_PODFILE_DIR_PATH}/Podfile.lock",
				"${PODS_ROOT}/Manifest.lock",
			);
			name = "[CP] Check Pods Manifest.lock";
			outputFileListPaths = (
			);
			outputPaths = (
				"$(DERIVED_FILE_DIR)/Pods-ios-oss-checkManifestLockResult.txt",
			);
			runOnlyForDeploymentPostprocessing = 0;
			shellPath = /bin/sh;
			shellScript = "diff \"${PODS_PODFILE_DIR_PATH}/Podfile.lock\" \"${PODS_ROOT}/Manifest.lock\" > /dev/null\nif [ $? != 0 ] ; then\n    # print error to STDERR\n    echo \"error: The sandbox is not in sync with the Podfile.lock. Run 'pod install' or update your CocoaPods installation.\" >&2\n    exit 1\nfi\n# This output is used by Xcode 'outputs' to avoid re-running this script phase.\necho \"SUCCESS\" > \"${SCRIPT_OUTPUT_FILE_0}\"\n";
			showEnvVarsInLog = 0;
		};
		5B4C270B0C9C8C433F15004B /* [CP] Embed Pods Frameworks */ = {
			isa = PBXShellScriptBuildPhase;
			buildActionMask = 2147483647;
			files = (
			);
			inputFileListPaths = (
			);
			name = "[CP] Embed Pods Frameworks";
			outputFileListPaths = (
			);
			runOnlyForDeploymentPostprocessing = 0;
			shellPath = /bin/sh;
			shellScript = "\"${PODS_ROOT}/Target Support Files/Pods-ios-oss/Pods-ios-oss-frameworks.sh\"\n";
			showEnvVarsInLog = 0;
		};
/* End PBXShellScriptBuildPhase section */

/* Begin PBXSourcesBuildPhase section */
		4DA46F17257892D700C91078 /* Sources */ = {
			isa = PBXSourcesBuildPhase;
			buildActionMask = 2147483647;
			files = (
				4DA46F1E257892D700C91078 /* ios_ossUITests.swift in Sources */,
			);
			runOnlyForDeploymentPostprocessing = 0;
		};
		4DA46F29257892DC00C91078 /* Sources */ = {
			isa = PBXSourcesBuildPhase;
			buildActionMask = 2147483647;
			files = (
				4DA46F30257892DC00C91078 /* ios_ossTests.swift in Sources */,
			);
			runOnlyForDeploymentPostprocessing = 0;
		};
		4DE81BE6256CA02D0013C1F9 /* Sources */ = {
			isa = PBXSourcesBuildPhase;
			buildActionMask = 2147483647;
			files = (
				4DEDCF7B2580BE040033D2A4 /* TabBarViewController+Component.swift in Sources */,
				4DE81C90256CB8590013C1F9 /* Constants.swift in Sources */,
				4DE81C2A256CA54C0013C1F9 /* KeyValueStore.swift in Sources */,
				4DE43A9F2581BDC20046ECF0 /* ShareManager.swift in Sources */,
				4DE81D00256CE3490013C1F9 /* WebViewController.swift in Sources */,
				4DE81C23256CA4FB0013C1F9 /* TabBarViewController.swift in Sources */,
				4DEDCF772580BDF10033D2A4 /* TabBarConnector.swift in Sources */,
				4DE81C74256CB09E0013C1F9 /* PushNotification.swift in Sources */,
				BF8A06AC257BCC310009DF40 /* Storyboard.swift in Sources */,
				4DE81BEE256CA02D0013C1F9 /* AppDelegate.swift in Sources */,
				4DE81D04256CE3870013C1F9 /* JSWebViewController.swift in Sources */,
			);
			runOnlyForDeploymentPostprocessing = 0;
		};
/* End PBXSourcesBuildPhase section */

/* Begin PBXTargetDependency section */
		4DA46F21257892D700C91078 /* PBXTargetDependency */ = {
			isa = PBXTargetDependency;
			target = 4DE81BE9256CA02D0013C1F9 /* ios-oss */;
			targetProxy = 4DA46F20257892D700C91078 /* PBXContainerItemProxy */;
		};
		4DA46F33257892DC00C91078 /* PBXTargetDependency */ = {
			isa = PBXTargetDependency;
			target = 4DE81BE9256CA02D0013C1F9 /* ios-oss */;
			targetProxy = 4DA46F32257892DC00C91078 /* PBXContainerItemProxy */;
		};
/* End PBXTargetDependency section */

/* Begin PBXVariantGroup section */
		4D15D5592577AA9400FC7CE9 /* Localizable.strings */ = {
			isa = PBXVariantGroup;
			children = (
				4D15D5582577AA9400FC7CE9 /* en */,
				4D15D55B2577AA9600FC7CE9 /* zh-Hans */,
				4D4C37652577BFE00021090F /* zh-Hant */,
				4D4C37682577BFE40021090F /* zh-HK */,
				4D4C37702577C0450021090F /* ja */,
			);
			name = Localizable.strings;
			sourceTree = "<group>";
		};
		4DE81BF8256CA02E0013C1F9 /* LaunchScreen.storyboard */ = {
			isa = PBXVariantGroup;
			children = (
				4DE81BF9256CA02E0013C1F9 /* Base */,
				4D15D52C25779E7A00FC7CE9 /* zh-Hans */,
				4D4C37642577BFE00021090F /* zh-Hant */,
				4D4C37672577BFE40021090F /* zh-HK */,
				4D4C376F2577C0450021090F /* ja */,
			);
			name = LaunchScreen.storyboard;
			sourceTree = "<group>";
		};
/* End PBXVariantGroup section */

/* Begin XCBuildConfiguration section */
		4DA46F22257892D700C91078 /* Debug */ = {
			isa = XCBuildConfiguration;
			buildSettings = {
				CODE_SIGN_STYLE = Automatic;
				DEBUG_INFORMATION_FORMAT = dwarf;
				INFOPLIST_FILE = "ios-ossUITests/Info.plist";
				IPHONEOS_DEPLOYMENT_TARGET = 12.0;
				LD_RUNPATH_SEARCH_PATHS = (
					"$(inherited)",
					"@executable_path/Frameworks",
					"@loader_path/Frameworks",
				);
				PRODUCT_BUNDLE_IDENTIFIER = "com.yunyu.ios-ossUITests";
				PRODUCT_NAME = "$(TARGET_NAME)";
				SWIFT_VERSION = 5.0;
				TARGETED_DEVICE_FAMILY = "1,2";
				TEST_TARGET_NAME = "ios-oss";
			};
			name = Debug;
		};
		4DA46F23257892D700C91078 /* Live */ = {
			isa = XCBuildConfiguration;
			buildSettings = {
				CODE_SIGN_STYLE = Automatic;
				INFOPLIST_FILE = "ios-ossUITests/Info.plist";
				IPHONEOS_DEPLOYMENT_TARGET = 12.0;
				LD_RUNPATH_SEARCH_PATHS = (
					"$(inherited)",
					"@executable_path/Frameworks",
					"@loader_path/Frameworks",
				);
				PRODUCT_BUNDLE_IDENTIFIER = "com.yunyu.ios-ossUITests";
				PRODUCT_NAME = "$(TARGET_NAME)";
				SWIFT_VERSION = 5.0;
				TARGETED_DEVICE_FAMILY = "1,2";
				TEST_TARGET_NAME = "ios-oss";
			};
			name = Live;
		};
		4DA46F24257892D700C91078 /* Preview */ = {
			isa = XCBuildConfiguration;
			buildSettings = {
				CODE_SIGN_STYLE = Automatic;
				INFOPLIST_FILE = "ios-ossUITests/Info.plist";
				IPHONEOS_DEPLOYMENT_TARGET = 12.0;
				LD_RUNPATH_SEARCH_PATHS = (
					"$(inherited)",
					"@executable_path/Frameworks",
					"@loader_path/Frameworks",
				);
				PRODUCT_BUNDLE_IDENTIFIER = "com.yunyu.ios-ossUITests";
				PRODUCT_NAME = "$(TARGET_NAME)";
				SWIFT_VERSION = 5.0;
				TARGETED_DEVICE_FAMILY = "1,2";
				TEST_TARGET_NAME = "ios-oss";
			};
			name = Preview;
		};
		4DA46F25257892D700C91078 /* Release */ = {
			isa = XCBuildConfiguration;
			buildSettings = {
				CODE_SIGN_STYLE = Automatic;
				INFOPLIST_FILE = "ios-ossUITests/Info.plist";
				IPHONEOS_DEPLOYMENT_TARGET = 12.0;
				LD_RUNPATH_SEARCH_PATHS = (
					"$(inherited)",
					"@executable_path/Frameworks",
					"@loader_path/Frameworks",
				);
				PRODUCT_BUNDLE_IDENTIFIER = "com.yunyu.ios-ossUITests";
				PRODUCT_NAME = "$(TARGET_NAME)";
				SWIFT_VERSION = 5.0;
				TARGETED_DEVICE_FAMILY = "1,2";
				TEST_TARGET_NAME = "ios-oss";
			};
			name = Release;
		};
		4DA46F35257892DC00C91078 /* Debug */ = {
			isa = XCBuildConfiguration;
			buildSettings = {
				BUNDLE_LOADER = "$(TEST_HOST)";
				CODE_SIGN_STYLE = Automatic;
				DEBUG_INFORMATION_FORMAT = dwarf;
				INFOPLIST_FILE = "ios-ossTests/Info.plist";
				IPHONEOS_DEPLOYMENT_TARGET = 12.0;
				LD_RUNPATH_SEARCH_PATHS = (
					"$(inherited)",
					"@executable_path/Frameworks",
					"@loader_path/Frameworks",
				);
				PRODUCT_BUNDLE_IDENTIFIER = "com.yunyu.ios-ossTests";
				PRODUCT_NAME = "$(TARGET_NAME)";
				SWIFT_VERSION = 5.0;
				TARGETED_DEVICE_FAMILY = "1,2";
				TEST_HOST = "$(BUILT_PRODUCTS_DIR)/ios-oss.app/ios-oss";
			};
			name = Debug;
		};
		4DA46F36257892DC00C91078 /* Live */ = {
			isa = XCBuildConfiguration;
			buildSettings = {
				BUNDLE_LOADER = "$(TEST_HOST)";
				CODE_SIGN_STYLE = Automatic;
				INFOPLIST_FILE = "ios-ossTests/Info.plist";
				IPHONEOS_DEPLOYMENT_TARGET = 12.0;
				LD_RUNPATH_SEARCH_PATHS = (
					"$(inherited)",
					"@executable_path/Frameworks",
					"@loader_path/Frameworks",
				);
				PRODUCT_BUNDLE_IDENTIFIER = "com.yunyu.ios-ossTests";
				PRODUCT_NAME = "$(TARGET_NAME)";
				SWIFT_VERSION = 5.0;
				TARGETED_DEVICE_FAMILY = "1,2";
				TEST_HOST = "$(BUILT_PRODUCTS_DIR)/ios-oss.app/ios-oss";
			};
			name = Live;
		};
		4DA46F37257892DC00C91078 /* Preview */ = {
			isa = XCBuildConfiguration;
			buildSettings = {
				BUNDLE_LOADER = "$(TEST_HOST)";
				CODE_SIGN_STYLE = Automatic;
				INFOPLIST_FILE = "ios-ossTests/Info.plist";
				IPHONEOS_DEPLOYMENT_TARGET = 12.0;
				LD_RUNPATH_SEARCH_PATHS = (
					"$(inherited)",
					"@executable_path/Frameworks",
					"@loader_path/Frameworks",
				);
				PRODUCT_BUNDLE_IDENTIFIER = "com.yunyu.ios-ossTests";
				PRODUCT_NAME = "$(TARGET_NAME)";
				SWIFT_VERSION = 5.0;
				TARGETED_DEVICE_FAMILY = "1,2";
				TEST_HOST = "$(BUILT_PRODUCTS_DIR)/ios-oss.app/ios-oss";
			};
			name = Preview;
		};
		4DA46F38257892DC00C91078 /* Release */ = {
			isa = XCBuildConfiguration;
			buildSettings = {
				BUNDLE_LOADER = "$(TEST_HOST)";
				CODE_SIGN_STYLE = Automatic;
				INFOPLIST_FILE = "ios-ossTests/Info.plist";
				IPHONEOS_DEPLOYMENT_TARGET = 12.0;
				LD_RUNPATH_SEARCH_PATHS = (
					"$(inherited)",
					"@executable_path/Frameworks",
					"@loader_path/Frameworks",
				);
				PRODUCT_BUNDLE_IDENTIFIER = "com.yunyu.ios-ossTests";
				PRODUCT_NAME = "$(TARGET_NAME)";
				SWIFT_VERSION = 5.0;
				TARGETED_DEVICE_FAMILY = "1,2";
				TEST_HOST = "$(BUILT_PRODUCTS_DIR)/ios-oss.app/ios-oss";
			};
			name = Release;
		};
		4DE81BFC256CA02E0013C1F9 /* Debug */ = {
			isa = XCBuildConfiguration;
			buildSettings = {
				ALWAYS_SEARCH_USER_PATHS = NO;
				CLANG_ANALYZER_LOCALIZABILITY_NONLOCALIZED = YES;
				CLANG_ANALYZER_NONNULL = YES;
				CLANG_ANALYZER_NUMBER_OBJECT_CONVERSION = YES_AGGRESSIVE;
				CLANG_CXX_LANGUAGE_STANDARD = "gnu++14";
				CLANG_CXX_LIBRARY = "libc++";
				CLANG_ENABLE_MODULES = YES;
				CLANG_ENABLE_OBJC_ARC = YES;
				CLANG_ENABLE_OBJC_WEAK = YES;
				CLANG_WARN_BLOCK_CAPTURE_AUTORELEASING = YES;
				CLANG_WARN_BOOL_CONVERSION = YES;
				CLANG_WARN_COMMA = YES;
				CLANG_WARN_CONSTANT_CONVERSION = YES;
				CLANG_WARN_DEPRECATED_OBJC_IMPLEMENTATIONS = YES;
				CLANG_WARN_DIRECT_OBJC_ISA_USAGE = YES_ERROR;
				CLANG_WARN_DOCUMENTATION_COMMENTS = YES;
				CLANG_WARN_EMPTY_BODY = YES;
				CLANG_WARN_ENUM_CONVERSION = YES;
				CLANG_WARN_INFINITE_RECURSION = YES;
				CLANG_WARN_INT_CONVERSION = YES;
				CLANG_WARN_NON_LITERAL_NULL_CONVERSION = YES;
				CLANG_WARN_OBJC_IMPLICIT_RETAIN_SELF = YES;
				CLANG_WARN_OBJC_LITERAL_CONVERSION = YES;
				CLANG_WARN_OBJC_ROOT_CLASS = YES_ERROR;
				CLANG_WARN_QUOTED_INCLUDE_IN_FRAMEWORK_HEADER = YES;
				CLANG_WARN_RANGE_LOOP_ANALYSIS = YES;
				CLANG_WARN_STRICT_PROTOTYPES = YES;
				CLANG_WARN_SUSPICIOUS_MOVE = YES;
				CLANG_WARN_UNGUARDED_AVAILABILITY = YES_AGGRESSIVE;
				CLANG_WARN_UNREACHABLE_CODE = YES;
				CLANG_WARN__DUPLICATE_METHOD_MATCH = YES;
				COPY_PHASE_STRIP = NO;
				DEBUG_INFORMATION_FORMAT = "dwarf-with-dsym";
				ENABLE_STRICT_OBJC_MSGSEND = YES;
				ENABLE_TESTABILITY = YES;
				GCC_C_LANGUAGE_STANDARD = gnu11;
				GCC_DYNAMIC_NO_PIC = NO;
				GCC_NO_COMMON_BLOCKS = YES;
				GCC_OPTIMIZATION_LEVEL = 0;
				GCC_PREPROCESSOR_DEFINITIONS = (
					"DEBUG=1",
					"$(inherited)",
				);
				GCC_WARN_64_TO_32_BIT_CONVERSION = YES;
				GCC_WARN_ABOUT_RETURN_TYPE = YES_ERROR;
				GCC_WARN_UNDECLARED_SELECTOR = YES;
				GCC_WARN_UNINITIALIZED_AUTOS = YES_AGGRESSIVE;
				GCC_WARN_UNUSED_FUNCTION = YES;
				GCC_WARN_UNUSED_VARIABLE = YES;
				IPHONEOS_DEPLOYMENT_TARGET = 14.2;
				MTL_ENABLE_DEBUG_INFO = INCLUDE_SOURCE;
				MTL_FAST_MATH = YES;
				ONLY_ACTIVE_ARCH = YES;
				SDKROOT = iphoneos;
				SWIFT_ACTIVE_COMPILATION_CONDITIONS = DEBUG;
				SWIFT_OPTIMIZATION_LEVEL = "-Onone";
			};
			name = Debug;
		};
		4DE81BFD256CA02E0013C1F9 /* Release */ = {
			isa = XCBuildConfiguration;
			buildSettings = {
				ALWAYS_SEARCH_USER_PATHS = NO;
				CLANG_ANALYZER_LOCALIZABILITY_NONLOCALIZED = YES;
				CLANG_ANALYZER_NONNULL = YES;
				CLANG_ANALYZER_NUMBER_OBJECT_CONVERSION = YES_AGGRESSIVE;
				CLANG_CXX_LANGUAGE_STANDARD = "gnu++14";
				CLANG_CXX_LIBRARY = "libc++";
				CLANG_ENABLE_MODULES = YES;
				CLANG_ENABLE_OBJC_ARC = YES;
				CLANG_ENABLE_OBJC_WEAK = YES;
				CLANG_WARN_BLOCK_CAPTURE_AUTORELEASING = YES;
				CLANG_WARN_BOOL_CONVERSION = YES;
				CLANG_WARN_COMMA = YES;
				CLANG_WARN_CONSTANT_CONVERSION = YES;
				CLANG_WARN_DEPRECATED_OBJC_IMPLEMENTATIONS = YES;
				CLANG_WARN_DIRECT_OBJC_ISA_USAGE = YES_ERROR;
				CLANG_WARN_DOCUMENTATION_COMMENTS = YES;
				CLANG_WARN_EMPTY_BODY = YES;
				CLANG_WARN_ENUM_CONVERSION = YES;
				CLANG_WARN_INFINITE_RECURSION = YES;
				CLANG_WARN_INT_CONVERSION = YES;
				CLANG_WARN_NON_LITERAL_NULL_CONVERSION = YES;
				CLANG_WARN_OBJC_IMPLICIT_RETAIN_SELF = YES;
				CLANG_WARN_OBJC_LITERAL_CONVERSION = YES;
				CLANG_WARN_OBJC_ROOT_CLASS = YES_ERROR;
				CLANG_WARN_QUOTED_INCLUDE_IN_FRAMEWORK_HEADER = YES;
				CLANG_WARN_RANGE_LOOP_ANALYSIS = YES;
				CLANG_WARN_STRICT_PROTOTYPES = YES;
				CLANG_WARN_SUSPICIOUS_MOVE = YES;
				CLANG_WARN_UNGUARDED_AVAILABILITY = YES_AGGRESSIVE;
				CLANG_WARN_UNREACHABLE_CODE = YES;
				CLANG_WARN__DUPLICATE_METHOD_MATCH = YES;
				COPY_PHASE_STRIP = NO;
				DEBUG_INFORMATION_FORMAT = "dwarf-with-dsym";
				ENABLE_NS_ASSERTIONS = NO;
				ENABLE_STRICT_OBJC_MSGSEND = YES;
				GCC_C_LANGUAGE_STANDARD = gnu11;
				GCC_NO_COMMON_BLOCKS = YES;
				GCC_WARN_64_TO_32_BIT_CONVERSION = YES;
				GCC_WARN_ABOUT_RETURN_TYPE = YES_ERROR;
				GCC_WARN_UNDECLARED_SELECTOR = YES;
				GCC_WARN_UNINITIALIZED_AUTOS = YES_AGGRESSIVE;
				GCC_WARN_UNUSED_FUNCTION = YES;
				GCC_WARN_UNUSED_VARIABLE = YES;
				IPHONEOS_DEPLOYMENT_TARGET = 14.2;
				MTL_ENABLE_DEBUG_INFO = NO;
				MTL_FAST_MATH = YES;
				SDKROOT = iphoneos;
				SWIFT_COMPILATION_MODE = wholemodule;
				SWIFT_OPTIMIZATION_LEVEL = "-O";
				VALIDATE_PRODUCT = YES;
			};
			name = Release;
		};
		4DE81BFF256CA02E0013C1F9 /* Debug */ = {
			isa = XCBuildConfiguration;
			baseConfigurationReference = F64B8D4A7C8638B886BFD81A /* Pods-ios-oss.debug.xcconfig */;
			buildSettings = {
				ASSETCATALOG_COMPILER_APPICON_NAME = AppIcon;
				ASSETCATALOG_COMPILER_GLOBAL_ACCENT_COLOR_NAME = AccentColor;
				CLANG_ENABLE_MODULES = YES;
				CODE_SIGN_STYLE = Automatic;
				DEVELOPMENT_TEAM = 39944VQMR4;
				INFOPLIST_FILE = "$(SRCROOT)/ios-oss/Resource/Info.plist";
				IPHONEOS_DEPLOYMENT_TARGET = 12.0;
				LD_RUNPATH_SEARCH_PATHS = (
					"$(inherited)",
					"@executable_path/Frameworks",
				);
				MARKETING_VERSION = 1.0.0;
				PRODUCT_BUNDLE_IDENTIFIER = "com.yunyu.ios-oss";
				PRODUCT_NAME = "$(TARGET_NAME)";
				SWIFT_OBJC_BRIDGING_HEADER = "ios-oss/Resource/ios-oss-Bridging-Header.h";
				SWIFT_OPTIMIZATION_LEVEL = "-Onone";
				SWIFT_VERSION = 5.0;
				TARGETED_DEVICE_FAMILY = "1,2";
			};
			name = Debug;
		};
		4DE81C00256CA02E0013C1F9 /* Release */ = {
			isa = XCBuildConfiguration;
			baseConfigurationReference = 9E4484CF2A05AF49022748FA /* Pods-ios-oss.release.xcconfig */;
			buildSettings = {
				ASSETCATALOG_COMPILER_APPICON_NAME = AppIcon;
				ASSETCATALOG_COMPILER_GLOBAL_ACCENT_COLOR_NAME = AccentColor;
				CLANG_ENABLE_MODULES = YES;
				CODE_SIGN_STYLE = Automatic;
				DEVELOPMENT_TEAM = 39944VQMR4;
				INFOPLIST_FILE = "$(SRCROOT)/ios-oss/Resource/Info.plist";
				IPHONEOS_DEPLOYMENT_TARGET = 12.0;
				LD_RUNPATH_SEARCH_PATHS = (
					"$(inherited)",
					"@executable_path/Frameworks",
				);
				MARKETING_VERSION = 1.0.0;
				PRODUCT_BUNDLE_IDENTIFIER = "com.yunyu.ios-oss";
				PRODUCT_NAME = "$(TARGET_NAME)";
				SWIFT_OBJC_BRIDGING_HEADER = "ios-oss/Resource/ios-oss-Bridging-Header.h";
				SWIFT_VERSION = 5.0;
				TARGETED_DEVICE_FAMILY = "1,2";
			};
			name = Release;
		};
		4DE81D3F256CE40F0013C1F9 /* Preview */ = {
			isa = XCBuildConfiguration;
			buildSettings = {
				ALWAYS_SEARCH_USER_PATHS = NO;
				CLANG_ANALYZER_LOCALIZABILITY_NONLOCALIZED = YES;
				CLANG_ANALYZER_NONNULL = YES;
				CLANG_ANALYZER_NUMBER_OBJECT_CONVERSION = YES_AGGRESSIVE;
				CLANG_CXX_LANGUAGE_STANDARD = "gnu++14";
				CLANG_CXX_LIBRARY = "libc++";
				CLANG_ENABLE_MODULES = YES;
				CLANG_ENABLE_OBJC_ARC = YES;
				CLANG_ENABLE_OBJC_WEAK = YES;
				CLANG_WARN_BLOCK_CAPTURE_AUTORELEASING = YES;
				CLANG_WARN_BOOL_CONVERSION = YES;
				CLANG_WARN_COMMA = YES;
				CLANG_WARN_CONSTANT_CONVERSION = YES;
				CLANG_WARN_DEPRECATED_OBJC_IMPLEMENTATIONS = YES;
				CLANG_WARN_DIRECT_OBJC_ISA_USAGE = YES_ERROR;
				CLANG_WARN_DOCUMENTATION_COMMENTS = YES;
				CLANG_WARN_EMPTY_BODY = YES;
				CLANG_WARN_ENUM_CONVERSION = YES;
				CLANG_WARN_INFINITE_RECURSION = YES;
				CLANG_WARN_INT_CONVERSION = YES;
				CLANG_WARN_NON_LITERAL_NULL_CONVERSION = YES;
				CLANG_WARN_OBJC_IMPLICIT_RETAIN_SELF = YES;
				CLANG_WARN_OBJC_LITERAL_CONVERSION = YES;
				CLANG_WARN_OBJC_ROOT_CLASS = YES_ERROR;
				CLANG_WARN_QUOTED_INCLUDE_IN_FRAMEWORK_HEADER = YES;
				CLANG_WARN_RANGE_LOOP_ANALYSIS = YES;
				CLANG_WARN_STRICT_PROTOTYPES = YES;
				CLANG_WARN_SUSPICIOUS_MOVE = YES;
				CLANG_WARN_UNGUARDED_AVAILABILITY = YES_AGGRESSIVE;
				CLANG_WARN_UNREACHABLE_CODE = YES;
				CLANG_WARN__DUPLICATE_METHOD_MATCH = YES;
				COPY_PHASE_STRIP = NO;
				DEBUG_INFORMATION_FORMAT = "dwarf-with-dsym";
				ENABLE_STRICT_OBJC_MSGSEND = YES;
				ENABLE_TESTABILITY = YES;
				GCC_C_LANGUAGE_STANDARD = gnu11;
				GCC_DYNAMIC_NO_PIC = NO;
				GCC_NO_COMMON_BLOCKS = YES;
				GCC_OPTIMIZATION_LEVEL = 0;
				GCC_PREPROCESSOR_DEFINITIONS = (
					"PREVIEW=2",
					"$(inherited)",
				);
				GCC_WARN_64_TO_32_BIT_CONVERSION = YES;
				GCC_WARN_ABOUT_RETURN_TYPE = YES_ERROR;
				GCC_WARN_UNDECLARED_SELECTOR = YES;
				GCC_WARN_UNINITIALIZED_AUTOS = YES_AGGRESSIVE;
				GCC_WARN_UNUSED_FUNCTION = YES;
				GCC_WARN_UNUSED_VARIABLE = YES;
				IPHONEOS_DEPLOYMENT_TARGET = 14.2;
				MTL_ENABLE_DEBUG_INFO = INCLUDE_SOURCE;
				MTL_FAST_MATH = YES;
				ONLY_ACTIVE_ARCH = YES;
				SDKROOT = iphoneos;
				SWIFT_ACTIVE_COMPILATION_CONDITIONS = PREVIEW;
				SWIFT_OPTIMIZATION_LEVEL = "-Onone";
			};
			name = Preview;
		};
		4DE81D40256CE40F0013C1F9 /* Preview */ = {
			isa = XCBuildConfiguration;
			baseConfigurationReference = 6EA5C715A9C6BFBBEC89045D /* Pods-ios-oss.preview.xcconfig */;
			buildSettings = {
				ASSETCATALOG_COMPILER_APPICON_NAME = AppIcon;
				ASSETCATALOG_COMPILER_GLOBAL_ACCENT_COLOR_NAME = AccentColor;
				CLANG_ENABLE_MODULES = YES;
				CODE_SIGN_STYLE = Automatic;
				DEVELOPMENT_TEAM = 39944VQMR4;
				INFOPLIST_FILE = "$(SRCROOT)/ios-oss/Resource/Info.plist";
				IPHONEOS_DEPLOYMENT_TARGET = 12.0;
				LD_RUNPATH_SEARCH_PATHS = (
					"$(inherited)",
					"@executable_path/Frameworks",
				);
				MARKETING_VERSION = 1.0.0;
				PRODUCT_BUNDLE_IDENTIFIER = "com.yunyu.ios-oss";
				PRODUCT_NAME = "$(TARGET_NAME)";
				SWIFT_OBJC_BRIDGING_HEADER = "ios-oss/Resource/ios-oss-Bridging-Header.h";
				SWIFT_OPTIMIZATION_LEVEL = "-Onone";
				SWIFT_VERSION = 5.0;
				TARGETED_DEVICE_FAMILY = "1,2";
			};
			name = Preview;
		};
		4DE81D41256CE4140013C1F9 /* Live */ = {
			isa = XCBuildConfiguration;
			buildSettings = {
				ALWAYS_SEARCH_USER_PATHS = NO;
				CLANG_ANALYZER_LOCALIZABILITY_NONLOCALIZED = YES;
				CLANG_ANALYZER_NONNULL = YES;
				CLANG_ANALYZER_NUMBER_OBJECT_CONVERSION = YES_AGGRESSIVE;
				CLANG_CXX_LANGUAGE_STANDARD = "gnu++14";
				CLANG_CXX_LIBRARY = "libc++";
				CLANG_ENABLE_MODULES = YES;
				CLANG_ENABLE_OBJC_ARC = YES;
				CLANG_ENABLE_OBJC_WEAK = YES;
				CLANG_WARN_BLOCK_CAPTURE_AUTORELEASING = YES;
				CLANG_WARN_BOOL_CONVERSION = YES;
				CLANG_WARN_COMMA = YES;
				CLANG_WARN_CONSTANT_CONVERSION = YES;
				CLANG_WARN_DEPRECATED_OBJC_IMPLEMENTATIONS = YES;
				CLANG_WARN_DIRECT_OBJC_ISA_USAGE = YES_ERROR;
				CLANG_WARN_DOCUMENTATION_COMMENTS = YES;
				CLANG_WARN_EMPTY_BODY = YES;
				CLANG_WARN_ENUM_CONVERSION = YES;
				CLANG_WARN_INFINITE_RECURSION = YES;
				CLANG_WARN_INT_CONVERSION = YES;
				CLANG_WARN_NON_LITERAL_NULL_CONVERSION = YES;
				CLANG_WARN_OBJC_IMPLICIT_RETAIN_SELF = YES;
				CLANG_WARN_OBJC_LITERAL_CONVERSION = YES;
				CLANG_WARN_OBJC_ROOT_CLASS = YES_ERROR;
				CLANG_WARN_QUOTED_INCLUDE_IN_FRAMEWORK_HEADER = YES;
				CLANG_WARN_RANGE_LOOP_ANALYSIS = YES;
				CLANG_WARN_STRICT_PROTOTYPES = YES;
				CLANG_WARN_SUSPICIOUS_MOVE = YES;
				CLANG_WARN_UNGUARDED_AVAILABILITY = YES_AGGRESSIVE;
				CLANG_WARN_UNREACHABLE_CODE = YES;
				CLANG_WARN__DUPLICATE_METHOD_MATCH = YES;
				COPY_PHASE_STRIP = NO;
				DEBUG_INFORMATION_FORMAT = "dwarf-with-dsym";
				ENABLE_STRICT_OBJC_MSGSEND = YES;
				ENABLE_TESTABILITY = YES;
				GCC_C_LANGUAGE_STANDARD = gnu11;
				GCC_DYNAMIC_NO_PIC = NO;
				GCC_NO_COMMON_BLOCKS = YES;
				GCC_OPTIMIZATION_LEVEL = 0;
				GCC_PREPROCESSOR_DEFINITIONS = (
					"LIVE=3",
					"$(inherited)",
				);
				GCC_WARN_64_TO_32_BIT_CONVERSION = YES;
				GCC_WARN_ABOUT_RETURN_TYPE = YES_ERROR;
				GCC_WARN_UNDECLARED_SELECTOR = YES;
				GCC_WARN_UNINITIALIZED_AUTOS = YES_AGGRESSIVE;
				GCC_WARN_UNUSED_FUNCTION = YES;
				GCC_WARN_UNUSED_VARIABLE = YES;
				IPHONEOS_DEPLOYMENT_TARGET = 14.2;
				MTL_ENABLE_DEBUG_INFO = INCLUDE_SOURCE;
				MTL_FAST_MATH = YES;
				ONLY_ACTIVE_ARCH = YES;
				SDKROOT = iphoneos;
				SWIFT_ACTIVE_COMPILATION_CONDITIONS = LIVE;
				SWIFT_OPTIMIZATION_LEVEL = "-Onone";
			};
			name = Live;
		};
		4DE81D42256CE4140013C1F9 /* Live */ = {
			isa = XCBuildConfiguration;
			baseConfigurationReference = C4F95267566E4F3B43E24030 /* Pods-ios-oss.live.xcconfig */;
			buildSettings = {
				ASSETCATALOG_COMPILER_APPICON_NAME = AppIcon;
				ASSETCATALOG_COMPILER_GLOBAL_ACCENT_COLOR_NAME = AccentColor;
				CLANG_ENABLE_MODULES = YES;
				CODE_SIGN_STYLE = Automatic;
				DEVELOPMENT_TEAM = 39944VQMR4;
				INFOPLIST_FILE = "$(SRCROOT)/ios-oss/Resource/Info.plist";
				IPHONEOS_DEPLOYMENT_TARGET = 12.0;
				LD_RUNPATH_SEARCH_PATHS = (
					"$(inherited)",
					"@executable_path/Frameworks",
				);
				MARKETING_VERSION = 1.0.0;
				PRODUCT_BUNDLE_IDENTIFIER = "com.yunyu.ios-oss";
				PRODUCT_NAME = "$(TARGET_NAME)";
				SWIFT_OBJC_BRIDGING_HEADER = "ios-oss/Resource/ios-oss-Bridging-Header.h";
				SWIFT_OPTIMIZATION_LEVEL = "-Onone";
				SWIFT_VERSION = 5.0;
				TARGETED_DEVICE_FAMILY = "1,2";
			};
			name = Live;
		};
/* End XCBuildConfiguration section */

/* Begin XCConfigurationList section */
		4DA46F26257892D700C91078 /* Build configuration list for PBXNativeTarget "ios-ossUITests" */ = {
			isa = XCConfigurationList;
			buildConfigurations = (
				4DA46F22257892D700C91078 /* Debug */,
				4DA46F23257892D700C91078 /* Live */,
				4DA46F24257892D700C91078 /* Preview */,
				4DA46F25257892D700C91078 /* Release */,
			);
			defaultConfigurationIsVisible = 0;
			defaultConfigurationName = Release;
		};
		4DA46F34257892DC00C91078 /* Build configuration list for PBXNativeTarget "ios-ossTests" */ = {
			isa = XCConfigurationList;
			buildConfigurations = (
				4DA46F35257892DC00C91078 /* Debug */,
				4DA46F36257892DC00C91078 /* Live */,
				4DA46F37257892DC00C91078 /* Preview */,
				4DA46F38257892DC00C91078 /* Release */,
			);
			defaultConfigurationIsVisible = 0;
			defaultConfigurationName = Release;
		};
		4DE81BE5256CA02D0013C1F9 /* Build configuration list for PBXProject "ios-oss" */ = {
			isa = XCConfigurationList;
			buildConfigurations = (
				4DE81BFC256CA02E0013C1F9 /* Debug */,
				4DE81D41256CE4140013C1F9 /* Live */,
				4DE81D3F256CE40F0013C1F9 /* Preview */,
				4DE81BFD256CA02E0013C1F9 /* Release */,
			);
			defaultConfigurationIsVisible = 0;
			defaultConfigurationName = Release;
		};
		4DE81BFE256CA02E0013C1F9 /* Build configuration list for PBXNativeTarget "ios-oss" */ = {
			isa = XCConfigurationList;
			buildConfigurations = (
				4DE81BFF256CA02E0013C1F9 /* Debug */,
				4DE81D42256CE4140013C1F9 /* Live */,
				4DE81D40256CE40F0013C1F9 /* Preview */,
				4DE81C00256CA02E0013C1F9 /* Release */,
			);
			defaultConfigurationIsVisible = 0;
			defaultConfigurationName = Release;
		};
/* End XCConfigurationList section */
	};
	rootObject = 4DE81BE2256CA02D0013C1F9 /* Project object */;
}
